// !$*UTF8*$!
{
	archiveVersion = 1;
	classes = {
	};
	objectVersion = 48;
	objects = {

/* Begin PBXBuildFile section */
		0433D1CF21D37C510053A968 /* readme.md in Resources */ = {isa = PBXBuildFile; fileRef = 0433D1CE21D37C510053A968 /* readme.md */; };
		043576D921D0879600B0BA7C /* SJADView.m in Sources */ = {isa = PBXBuildFile; fileRef = 043576D821D0879600B0BA7C /* SJADView.m */; };
		044B667421B61A3E00D681BD /* bannerAdIds.plist in Resources */ = {isa = PBXBuildFile; fileRef = 044B667321B61A3D00D681BD /* bannerAdIds.plist */; };
		044B667821B61A6600D681BD /* SJAdsUtil.m in Sources */ = {isa = PBXBuildFile; fileRef = 044B667721B61A6500D681BD /* SJAdsUtil.m */; };
		044B668021B61A8300D681BD /* SJLaunchADController.m in Sources */ = {isa = PBXBuildFile; fileRef = 044B667C21B61A8300D681BD /* SJLaunchADController.m */; };
		044B668121B61A8300D681BD /* SJLanuchAdView.m in Sources */ = {isa = PBXBuildFile; fileRef = 044B667F21B61A8300D681BD /* SJLanuchAdView.m */; };
		044B669221B61BDE00D681BD /* OTRecordAdModel.m in Sources */ = {isa = PBXBuildFile; fileRef = 044B668521B61BDE00D681BD /* OTRecordAdModel.m */; };
		044B669321B61BDE00D681BD /* OTRecordAdCell.m in Sources */ = {isa = PBXBuildFile; fileRef = 044B668821B61BDE00D681BD /* OTRecordAdCell.m */; };
		044B669721B61BDE00D681BD /* OTRecordController.m in Sources */ = {isa = PBXBuildFile; fileRef = 044B669121B61BDE00D681BD /* OTRecordController.m */; };
		044B669E21B6269E00D681BD /* OTRecognitionController.m in Sources */ = {isa = PBXBuildFile; fileRef = 044B669D21B6269E00D681BD /* OTRecognitionController.m */; };
		044B66A321B629D900D681BD /* OTRecognitionAdLoadView.m in Sources */ = {isa = PBXBuildFile; fileRef = 044B66A221B629D900D681BD /* OTRecognitionAdLoadView.m */; };
		044B66A521B64A0700D681BD /* 识别中.gif in Resources */ = {isa = PBXBuildFile; fileRef = 044B66A421B64A0600D681BD /* 识别中.gif */; };
		046237C521D077BF00BEA3AC /* UIColor+Expanded.m in Sources */ = {isa = PBXBuildFile; fileRef = 046237BF21D077BE00BEA3AC /* UIColor+Expanded.m */; };
		046237C621D077BF00BEA3AC /* UIColor+HSV.m in Sources */ = {isa = PBXBuildFile; fileRef = 046237C121D077BE00BEA3AC /* UIColor+HSV.m */; };
		046237C721D077BF00BEA3AC /* NSString+SJCategory.m in Sources */ = {isa = PBXBuildFile; fileRef = 046237C421D077BE00BEA3AC /* NSString+SJCategory.m */; };
		046237CB21D077D900BEA3AC /* UIImage+SJCategory.m in Sources */ = {isa = PBXBuildFile; fileRef = 046237C921D077D900BEA3AC /* UIImage+SJCategory.m */; };
		046237CF21D0816300BEA3AC /* HYKeychain.m in Sources */ = {isa = PBXBuildFile; fileRef = 046237CE21D0816300BEA3AC /* HYKeychain.m */; };
		04A7EA6B21B777A8000A74D0 /* OTRecordModel.m in Sources */ = {isa = PBXBuildFile; fileRef = 04A7EA6A21B777A8000A74D0 /* OTRecordModel.m */; };
		04BE51B621BA4A630035294C /* SJFileUtil.m in Sources */ = {isa = PBXBuildFile; fileRef = 04BE51B521BA4A630035294C /* SJFileUtil.m */; };
		04BE51C221BA503B0035294C /* OTRecordCoreDataUtil.m in Sources */ = {isa = PBXBuildFile; fileRef = 04BE51C121BA503B0035294C /* OTRecordCoreDataUtil.m */; };
		04BE51C521BA50710035294C /* ocr.xcdatamodeld in Sources */ = {isa = PBXBuildFile; fileRef = 04BE51C321BA50710035294C /* ocr.xcdatamodeld */; };
		04BE51CA21BA51510035294C /* OTRecord+CoreDataClass.m in Sources */ = {isa = PBXBuildFile; fileRef = 04BE51C721BA51510035294C /* OTRecord+CoreDataClass.m */; };
		04BE51CB21BA51510035294C /* OTRecord+CoreDataProperties.m in Sources */ = {isa = PBXBuildFile; fileRef = 04BE51C921BA51510035294C /* OTRecord+CoreDataProperties.m */; };
		04BE51CE21BA573A0035294C /* OTRecordCell.m in Sources */ = {isa = PBXBuildFile; fileRef = 04BE51CD21BA573A0035294C /* OTRecordCell.m */; };
		26575ABA3150EB8EC4AF7915 /* Pods_OCRTool.framework in Frameworks */ = {isa = PBXBuildFile; fileRef = 46CA864CC860A7DF987DCA5A /* Pods_OCRTool.framework */; };
		3096CEF75725B81166D13AFE /* Pods_OCRToolTests.framework in Frameworks */ = {isa = PBXBuildFile; fileRef = 96E085137811A967651EBF49 /* Pods_OCRToolTests.framework */; };
		4B1BCE1E219DB18100FC0DA8 /* OTHomeView.m in Sources */ = {isa = PBXBuildFile; fileRef = 4B1BCE1D219DB18100FC0DA8 /* OTHomeView.m */; };
		4B1BCE21219DB19400FC0DA8 /* SJView.m in Sources */ = {isa = PBXBuildFile; fileRef = 4B1BCE20219DB19400FC0DA8 /* SJView.m */; };
		4B1BFF0B21C422A70054EFBA /* 识别失败.png in Resources */ = {isa = PBXBuildFile; fileRef = 4B1BFF0A21C422A70054EFBA /* 识别失败.png */; };
		4B454D3921AC2A6F008C9DEF /* SJWebViewController.m in Sources */ = {isa = PBXBuildFile; fileRef = 4B454D3721AC2A6F008C9DEF /* SJWebViewController.m */; };
		4B454D4021AC2B10008C9DEF /* SJShareAlertView.m in Sources */ = {isa = PBXBuildFile; fileRef = 4B454D3D21AC2B10008C9DEF /* SJShareAlertView.m */; };
		4B454D4121AC2B10008C9DEF /* SJShareAlertCell.m in Sources */ = {isa = PBXBuildFile; fileRef = 4B454D3E21AC2B10008C9DEF /* SJShareAlertCell.m */; };
		4B454D5021AC2B96008C9DEF /* SJCustomAlertController.m in Sources */ = {isa = PBXBuildFile; fileRef = 4B454D4C21AC2B95008C9DEF /* SJCustomAlertController.m */; };
		4B454D5121AC2B96008C9DEF /* SJPresentationController.m in Sources */ = {isa = PBXBuildFile; fileRef = 4B454D4F21AC2B95008C9DEF /* SJPresentationController.m */; };
		4B454D5E21AC3D51008C9DEF /* SJCoreDataUtil.m in Sources */ = {isa = PBXBuildFile; fileRef = 4B454D5C21AC3D51008C9DEF /* SJCoreDataUtil.m */; };
		4B518C5B21869E590069EE8F /* AppDelegate.m in Sources */ = {isa = PBXBuildFile; fileRef = 4B518C5A21869E590069EE8F /* AppDelegate.m */; };
		4B518C6321869E590069EE8F /* Assets.xcassets in Resources */ = {isa = PBXBuildFile; fileRef = 4B518C6221869E590069EE8F /* Assets.xcassets */; };
		4B518C6621869E590069EE8F /* LaunchScreen.storyboard in Resources */ = {isa = PBXBuildFile; fileRef = 4B518C6421869E590069EE8F /* LaunchScreen.storyboard */; };
		4B518C6921869E590069EE8F /* main.m in Sources */ = {isa = PBXBuildFile; fileRef = 4B518C6821869E590069EE8F /* main.m */; };
		4B518C7321869E590069EE8F /* OCRToolTests.m in Sources */ = {isa = PBXBuildFile; fileRef = 4B518C7221869E590069EE8F /* OCRToolTests.m */; };
		4B518C7E21869E590069EE8F /* OCRToolUITests.m in Sources */ = {isa = PBXBuildFile; fileRef = 4B518C7D21869E590069EE8F /* OCRToolUITests.m */; };
		4B518C9021869EDA0069EE8F /* OTHomeController.m in Sources */ = {isa = PBXBuildFile; fileRef = 4B518C8F21869EDA0069EE8F /* OTHomeController.m */; };
		4B518C952186BA040069EE8F /* SJViewController.m in Sources */ = {isa = PBXBuildFile; fileRef = 4B518C942186BA040069EE8F /* SJViewController.m */; };
		4B518C9B2186BCAF0069EE8F /* SJViewModel.m in Sources */ = {isa = PBXBuildFile; fileRef = 4B518C9A2186BCAF0069EE8F /* SJViewModel.m */; };
		4B518CB02186C8840069EE8F /* SJCollectionViewCell.m in Sources */ = {isa = PBXBuildFile; fileRef = 4B518CAE2186C8840069EE8F /* SJCollectionViewCell.m */; };
		4B518CB12186C8840069EE8F /* SJCollectionViewCell.xib in Resources */ = {isa = PBXBuildFile; fileRef = 4B518CAF2186C8840069EE8F /* SJCollectionViewCell.xib */; };
		4B518CB42186C8BD0069EE8F /* OTHomeCollectionCell.m in Sources */ = {isa = PBXBuildFile; fileRef = 4B518CB32186C8BD0069EE8F /* OTHomeCollectionCell.m */; };
		4B6A539A21B8185D00715454 /* SJInputToolBar.m in Sources */ = {isa = PBXBuildFile; fileRef = 4B6A539921B8185D00715454 /* SJInputToolBar.m */; };
		4B7A566C21913A3700035EF2 /* AipBase.framework in Frameworks */ = {isa = PBXBuildFile; fileRef = 4B7A5666219138B700035EF2 /* AipBase.framework */; };
		4B7A566D21913A3700035EF2 /* AipBase.framework in Embed Frameworks */ = {isa = PBXBuildFile; fileRef = 4B7A5666219138B700035EF2 /* AipBase.framework */; settings = {ATTRIBUTES = (CodeSignOnCopy, RemoveHeadersOnCopy, ); }; };
		4B7A566E21913A3700035EF2 /* AipOcrSdk.framework in Frameworks */ = {isa = PBXBuildFile; fileRef = 4B7A5667219138B700035EF2 /* AipOcrSdk.framework */; };
		4B7A566F21913A3700035EF2 /* AipOcrSdk.framework in Embed Frameworks */ = {isa = PBXBuildFile; fileRef = 4B7A5667219138B700035EF2 /* AipOcrSdk.framework */; settings = {ATTRIBUTES = (CodeSignOnCopy, RemoveHeadersOnCopy, ); }; };
		4B7A567021913A3700035EF2 /* IdcardQuality.framework in Frameworks */ = {isa = PBXBuildFile; fileRef = 4B7A5668219138B700035EF2 /* IdcardQuality.framework */; };
		4B7A567121913A3700035EF2 /* IdcardQuality.framework in Embed Frameworks */ = {isa = PBXBuildFile; fileRef = 4B7A5668219138B700035EF2 /* IdcardQuality.framework */; settings = {ATTRIBUTES = (CodeSignOnCopy, RemoveHeadersOnCopy, ); }; };
		4B7A567721913EA800035EF2 /* SJColorUtil.m in Sources */ = {isa = PBXBuildFile; fileRef = 4B7A567621913EA800035EF2 /* SJColorUtil.m */; };
		4B7A567921914D2F00035EF2 /* OTHomeViewModel.m in Sources */ = {isa = PBXBuildFile; fileRef = 4B7A567821914D2F00035EF2 /* OTHomeViewModel.m */; };
		4B7A567D2191565200035EF2 /* OTHomeMenuModel.m in Sources */ = {isa = PBXBuildFile; fileRef = 4B7A567C2191565200035EF2 /* OTHomeMenuModel.m */; };
		4B7A56822191566C00035EF2 /* SJModel.m in Sources */ = {isa = PBXBuildFile; fileRef = 4B7A56812191566C00035EF2 /* SJModel.m */; };
		4B9131722186FC4200580F95 /* SJCollectionReusableView.m in Sources */ = {isa = PBXBuildFile; fileRef = 4B9131702186FC4200580F95 /* SJCollectionReusableView.m */; };
		4B9131732186FC4200580F95 /* SJCollectionReusableView.xib in Resources */ = {isa = PBXBuildFile; fileRef = 4B9131712186FC4200580F95 /* SJCollectionReusableView.xib */; };
		4B9131822187092600580F95 /* SJTableViewCell.m in Sources */ = {isa = PBXBuildFile; fileRef = 4B9131802187092600580F95 /* SJTableViewCell.m */; };
		4B9131832187092600580F95 /* SJTableViewCell.xib in Resources */ = {isa = PBXBuildFile; fileRef = 4B9131812187092600580F95 /* SJTableViewCell.xib */; };
		4BB782B721AD74A600F918F4 /* ZZJBlockBarButtonItem.m in Sources */ = {isa = PBXBuildFile; fileRef = 4BB782B521AD74A600F918F4 /* ZZJBlockBarButtonItem.m */; };
		4BB782C521AD751D00F918F4 /* AdSupport.framework in Frameworks */ = {isa = PBXBuildFile; fileRef = 4BB782C421AD751D00F918F4 /* AdSupport.framework */; };
		4BB782C721AD752600F918F4 /* CoreLocation.framework in Frameworks */ = {isa = PBXBuildFile; fileRef = 4BB782C621AD752600F918F4 /* CoreLocation.framework */; };
		4BB782C921AD753100F918F4 /* QuartzCore.framework in Frameworks */ = {isa = PBXBuildFile; fileRef = 4BB782C821AD753100F918F4 /* QuartzCore.framework */; };
		4BB782CB21AD753900F918F4 /* SystemConfiguration.framework in Frameworks */ = {isa = PBXBuildFile; fileRef = 4BB782CA21AD753900F918F4 /* SystemConfiguration.framework */; };
		4BB782CD21AD754200F918F4 /* CoreTelephony.framework in Frameworks */ = {isa = PBXBuildFile; fileRef = 4BB782CC21AD754100F918F4 /* CoreTelephony.framework */; };
		4BB782CF21AD754900F918F4 /* libz.tbd in Frameworks */ = {isa = PBXBuildFile; fileRef = 4BB782CE21AD754800F918F4 /* libz.tbd */; };
		4BB782D121AD755000F918F4 /* Security.framework in Frameworks */ = {isa = PBXBuildFile; fileRef = 4BB782D021AD755000F918F4 /* Security.framework */; };
		4BB782D321AD755700F918F4 /* StoreKit.framework in Frameworks */ = {isa = PBXBuildFile; fileRef = 4BB782D221AD755700F918F4 /* StoreKit.framework */; };
		4BB782D521AD755E00F918F4 /* libxml2.tbd in Frameworks */ = {isa = PBXBuildFile; fileRef = 4BB782D421AD755E00F918F4 /* libxml2.tbd */; };
		4BB782D721AD756600F918F4 /* AVFoundation.framework in Frameworks */ = {isa = PBXBuildFile; fileRef = 4BB782D621AD756600F918F4 /* AVFoundation.framework */; };
		4BB782D921AD756D00F918F4 /* WebKit.framework in Frameworks */ = {isa = PBXBuildFile; fileRef = 4BB782D821AD756D00F918F4 /* WebKit.framework */; };
		4BBD016921A2EE2200413B14 /* OTResultController.m in Sources */ = {isa = PBXBuildFile; fileRef = 4BBD016821A2EE2200413B14 /* OTResultController.m */; };
		738E6B4F30B9C05E1EA366F0 /* Pods_OCRToolUITests.framework in Frameworks */ = {isa = PBXBuildFile; fileRef = 8DFAF1BEF776E4652E370C65 /* Pods_OCRToolUITests.framework */; };
/* End PBXBuildFile section */

/* Begin PBXContainerItemProxy section */
		4B518C6F21869E590069EE8F /* PBXContainerItemProxy */ = {
			isa = PBXContainerItemProxy;
			containerPortal = 4B518C4E21869E590069EE8F /* Project object */;
			proxyType = 1;
			remoteGlobalIDString = 4B518C5521869E590069EE8F;
			remoteInfo = OCRTool;
		};
		4B518C7A21869E590069EE8F /* PBXContainerItemProxy */ = {
			isa = PBXContainerItemProxy;
			containerPortal = 4B518C4E21869E590069EE8F /* Project object */;
			proxyType = 1;
			remoteGlobalIDString = 4B518C5521869E590069EE8F;
			remoteInfo = OCRTool;
		};
/* End PBXContainerItemProxy section */

/* Begin PBXCopyFilesBuildPhase section */
		4B7A567221913A3700035EF2 /* Embed Frameworks */ = {
			isa = PBXCopyFilesBuildPhase;
			buildActionMask = 2147483647;
			dstPath = "";
			dstSubfolderSpec = 10;
			files = (
				4B7A566D21913A3700035EF2 /* AipBase.framework in Embed Frameworks */,
				4B7A566F21913A3700035EF2 /* AipOcrSdk.framework in Embed Frameworks */,
				4B7A567121913A3700035EF2 /* IdcardQuality.framework in Embed Frameworks */,
			);
			name = "Embed Frameworks";
			runOnlyForDeploymentPostprocessing = 0;
		};
/* End PBXCopyFilesBuildPhase section */

/* Begin PBXFileReference section */
		0433D1CE21D37C510053A968 /* readme.md */ = {isa = PBXFileReference; fileEncoding = 4; lastKnownFileType = net.daringfireball.markdown; path = readme.md; sourceTree = "<group>"; };
		043576D721D0879600B0BA7C /* SJADView.h */ = {isa = PBXFileReference; lastKnownFileType = sourcecode.c.h; path = SJADView.h; sourceTree = "<group>"; };
		043576D821D0879600B0BA7C /* SJADView.m */ = {isa = PBXFileReference; lastKnownFileType = sourcecode.c.objc; path = SJADView.m; sourceTree = "<group>"; };
		044B667321B61A3D00D681BD /* bannerAdIds.plist */ = {isa = PBXFileReference; fileEncoding = 4; lastKnownFileType = text.plist.xml; path = bannerAdIds.plist; sourceTree = "<group>"; };
		044B667621B61A6500D681BD /* SJAdsUtil.h */ = {isa = PBXFileReference; fileEncoding = 4; lastKnownFileType = sourcecode.c.h; path = SJAdsUtil.h; sourceTree = "<group>"; };
		044B667721B61A6500D681BD /* SJAdsUtil.m */ = {isa = PBXFileReference; fileEncoding = 4; lastKnownFileType = sourcecode.c.objc; path = SJAdsUtil.m; sourceTree = "<group>"; };
		044B667B21B61A8300D681BD /* SJLaunchADController.h */ = {isa = PBXFileReference; fileEncoding = 4; lastKnownFileType = sourcecode.c.h; path = SJLaunchADController.h; sourceTree = "<group>"; };
		044B667C21B61A8300D681BD /* SJLaunchADController.m */ = {isa = PBXFileReference; fileEncoding = 4; lastKnownFileType = sourcecode.c.objc; path = SJLaunchADController.m; sourceTree = "<group>"; };
		044B667E21B61A8300D681BD /* SJLanuchAdView.h */ = {isa = PBXFileReference; fileEncoding = 4; lastKnownFileType = sourcecode.c.h; path = SJLanuchAdView.h; sourceTree = "<group>"; };
		044B667F21B61A8300D681BD /* SJLanuchAdView.m */ = {isa = PBXFileReference; fileEncoding = 4; lastKnownFileType = sourcecode.c.objc; path = SJLanuchAdView.m; sourceTree = "<group>"; };
		044B668421B61BDE00D681BD /* OTRecordAdModel.h */ = {isa = PBXFileReference; fileEncoding = 4; lastKnownFileType = sourcecode.c.h; path = OTRecordAdModel.h; sourceTree = "<group>"; };
		044B668521B61BDE00D681BD /* OTRecordAdModel.m */ = {isa = PBXFileReference; fileEncoding = 4; lastKnownFileType = sourcecode.c.objc; path = OTRecordAdModel.m; sourceTree = "<group>"; };
		044B668721B61BDE00D681BD /* OTRecordAdCell.h */ = {isa = PBXFileReference; fileEncoding = 4; lastKnownFileType = sourcecode.c.h; path = OTRecordAdCell.h; sourceTree = "<group>"; };
		044B668821B61BDE00D681BD /* OTRecordAdCell.m */ = {isa = PBXFileReference; fileEncoding = 4; lastKnownFileType = sourcecode.c.objc; path = OTRecordAdCell.m; sourceTree = "<group>"; };
		044B669021B61BDE00D681BD /* OTRecordController.h */ = {isa = PBXFileReference; fileEncoding = 4; lastKnownFileType = sourcecode.c.h; path = OTRecordController.h; sourceTree = "<group>"; };
		044B669121B61BDE00D681BD /* OTRecordController.m */ = {isa = PBXFileReference; fileEncoding = 4; lastKnownFileType = sourcecode.c.objc; path = OTRecordController.m; sourceTree = "<group>"; };
		044B669C21B6269E00D681BD /* OTRecognitionController.h */ = {isa = PBXFileReference; lastKnownFileType = sourcecode.c.h; path = OTRecognitionController.h; sourceTree = "<group>"; };
		044B669D21B6269E00D681BD /* OTRecognitionController.m */ = {isa = PBXFileReference; lastKnownFileType = sourcecode.c.objc; path = OTRecognitionController.m; sourceTree = "<group>"; };
		044B66A121B629D900D681BD /* OTRecognitionAdLoadView.h */ = {isa = PBXFileReference; lastKnownFileType = sourcecode.c.h; path = OTRecognitionAdLoadView.h; sourceTree = "<group>"; };
		044B66A221B629D900D681BD /* OTRecognitionAdLoadView.m */ = {isa = PBXFileReference; lastKnownFileType = sourcecode.c.objc; path = OTRecognitionAdLoadView.m; sourceTree = "<group>"; };
		044B66A421B64A0600D681BD /* 识别中.gif */ = {isa = PBXFileReference; lastKnownFileType = image.gif; path = "识别中.gif"; sourceTree = "<group>"; };
		046237BE21D077BE00BEA3AC /* UIColor+Expanded.h */ = {isa = PBXFileReference; fileEncoding = 4; lastKnownFileType = sourcecode.c.h; path = "UIColor+Expanded.h"; sourceTree = "<group>"; };
		046237BF21D077BE00BEA3AC /* UIColor+Expanded.m */ = {isa = PBXFileReference; fileEncoding = 4; lastKnownFileType = sourcecode.c.objc; path = "UIColor+Expanded.m"; sourceTree = "<group>"; };
		046237C021D077BE00BEA3AC /* UIColor+HSV.h */ = {isa = PBXFileReference; fileEncoding = 4; lastKnownFileType = sourcecode.c.h; path = "UIColor+HSV.h"; sourceTree = "<group>"; };
		046237C121D077BE00BEA3AC /* UIColor+HSV.m */ = {isa = PBXFileReference; fileEncoding = 4; lastKnownFileType = sourcecode.c.objc; path = "UIColor+HSV.m"; sourceTree = "<group>"; };
		046237C321D077BE00BEA3AC /* NSString+SJCategory.h */ = {isa = PBXFileReference; fileEncoding = 4; lastKnownFileType = sourcecode.c.h; path = "NSString+SJCategory.h"; sourceTree = "<group>"; };
		046237C421D077BE00BEA3AC /* NSString+SJCategory.m */ = {isa = PBXFileReference; fileEncoding = 4; lastKnownFileType = sourcecode.c.objc; path = "NSString+SJCategory.m"; sourceTree = "<group>"; };
		046237C921D077D900BEA3AC /* UIImage+SJCategory.m */ = {isa = PBXFileReference; fileEncoding = 4; lastKnownFileType = sourcecode.c.objc; path = "UIImage+SJCategory.m"; sourceTree = "<group>"; };
		046237CA21D077D900BEA3AC /* UIImage+SJCategory.h */ = {isa = PBXFileReference; fileEncoding = 4; lastKnownFileType = sourcecode.c.h; path = "UIImage+SJCategory.h"; sourceTree = "<group>"; };
		046237CD21D0816300BEA3AC /* HYKeychain.h */ = {isa = PBXFileReference; fileEncoding = 4; lastKnownFileType = sourcecode.c.h; path = HYKeychain.h; sourceTree = "<group>"; };
		046237CE21D0816300BEA3AC /* HYKeychain.m */ = {isa = PBXFileReference; fileEncoding = 4; lastKnownFileType = sourcecode.c.objc; path = HYKeychain.m; sourceTree = "<group>"; };
		04A7EA6921B777A8000A74D0 /* OTRecordModel.h */ = {isa = PBXFileReference; lastKnownFileType = sourcecode.c.h; path = OTRecordModel.h; sourceTree = "<group>"; };
		04A7EA6A21B777A8000A74D0 /* OTRecordModel.m */ = {isa = PBXFileReference; lastKnownFileType = sourcecode.c.objc; path = OTRecordModel.m; sourceTree = "<group>"; };
		04BE51B421BA4A630035294C /* SJFileUtil.h */ = {isa = PBXFileReference; lastKnownFileType = sourcecode.c.h; path = SJFileUtil.h; sourceTree = "<group>"; };
		04BE51B521BA4A630035294C /* SJFileUtil.m */ = {isa = PBXFileReference; lastKnownFileType = sourcecode.c.objc; path = SJFileUtil.m; sourceTree = "<group>"; };
		04BE51C021BA503B0035294C /* OTRecordCoreDataUtil.h */ = {isa = PBXFileReference; fileEncoding = 4; lastKnownFileType = sourcecode.c.h; path = OTRecordCoreDataUtil.h; sourceTree = "<group>"; };
		04BE51C121BA503B0035294C /* OTRecordCoreDataUtil.m */ = {isa = PBXFileReference; fileEncoding = 4; lastKnownFileType = sourcecode.c.objc; path = OTRecordCoreDataUtil.m; sourceTree = "<group>"; };
		04BE51C421BA50710035294C /* ocr.xcdatamodel */ = {isa = PBXFileReference; lastKnownFileType = wrapper.xcdatamodel; path = ocr.xcdatamodel; sourceTree = "<group>"; };
		04BE51C621BA51510035294C /* OTRecord+CoreDataClass.h */ = {isa = PBXFileReference; lastKnownFileType = sourcecode.c.h; path = "OTRecord+CoreDataClass.h"; sourceTree = "<group>"; };
		04BE51C721BA51510035294C /* OTRecord+CoreDataClass.m */ = {isa = PBXFileReference; lastKnownFileType = sourcecode.c.objc; path = "OTRecord+CoreDataClass.m"; sourceTree = "<group>"; };
		04BE51C821BA51510035294C /* OTRecord+CoreDataProperties.h */ = {isa = PBXFileReference; lastKnownFileType = sourcecode.c.h; path = "OTRecord+CoreDataProperties.h"; sourceTree = "<group>"; };
		04BE51C921BA51510035294C /* OTRecord+CoreDataProperties.m */ = {isa = PBXFileReference; lastKnownFileType = sourcecode.c.objc; path = "OTRecord+CoreDataProperties.m"; sourceTree = "<group>"; };
		04BE51CC21BA573A0035294C /* OTRecordCell.h */ = {isa = PBXFileReference; lastKnownFileType = sourcecode.c.h; path = OTRecordCell.h; sourceTree = "<group>"; };
		04BE51CD21BA573A0035294C /* OTRecordCell.m */ = {isa = PBXFileReference; lastKnownFileType = sourcecode.c.objc; path = OTRecordCell.m; sourceTree = "<group>"; };
		2DAB863507A6E71DB28BDAF6 /* Pods-OCRToolTests.release.xcconfig */ = {isa = PBXFileReference; includeInIndex = 1; lastKnownFileType = text.xcconfig; name = "Pods-OCRToolTests.release.xcconfig"; path = "Pods/Target Support Files/Pods-OCRToolTests/Pods-OCRToolTests.release.xcconfig"; sourceTree = "<group>"; };
		2F1916D109A9DA897935B1DB /* Pods-OCRTool.debug.xcconfig */ = {isa = PBXFileReference; includeInIndex = 1; lastKnownFileType = text.xcconfig; name = "Pods-OCRTool.debug.xcconfig"; path = "Pods/Target Support Files/Pods-OCRTool/Pods-OCRTool.debug.xcconfig"; sourceTree = "<group>"; };
		434E01C82F94EDE9F2921B3F /* Pods-OCRToolUITests.debug.xcconfig */ = {isa = PBXFileReference; includeInIndex = 1; lastKnownFileType = text.xcconfig; name = "Pods-OCRToolUITests.debug.xcconfig"; path = "Pods/Target Support Files/Pods-OCRToolUITests/Pods-OCRToolUITests.debug.xcconfig"; sourceTree = "<group>"; };
		46CA864CC860A7DF987DCA5A /* Pods_OCRTool.framework */ = {isa = PBXFileReference; explicitFileType = wrapper.framework; includeInIndex = 0; path = Pods_OCRTool.framework; sourceTree = BUILT_PRODUCTS_DIR; };
		4B1BCE1C219DB18100FC0DA8 /* OTHomeView.h */ = {isa = PBXFileReference; lastKnownFileType = sourcecode.c.h; path = OTHomeView.h; sourceTree = "<group>"; };
		4B1BCE1D219DB18100FC0DA8 /* OTHomeView.m */ = {isa = PBXFileReference; lastKnownFileType = sourcecode.c.objc; path = OTHomeView.m; sourceTree = "<group>"; };
		4B1BCE1F219DB19400FC0DA8 /* SJView.h */ = {isa = PBXFileReference; lastKnownFileType = sourcecode.c.h; path = SJView.h; sourceTree = "<group>"; };
		4B1BCE20219DB19400FC0DA8 /* SJView.m */ = {isa = PBXFileReference; lastKnownFileType = sourcecode.c.objc; path = SJView.m; sourceTree = "<group>"; };
		4B1BFF0A21C422A70054EFBA /* 识别失败.png */ = {isa = PBXFileReference; lastKnownFileType = image.png; path = "识别失败.png"; sourceTree = "<group>"; };
		4B1BFF0C21C4252F0054EFBA /* zh-Hans */ = {isa = PBXFileReference; lastKnownFileType = text.plist.strings; name = "zh-Hans"; path = "zh-Hans.lproj/LaunchScreen.strings"; sourceTree = "<group>"; };
		4B454D3721AC2A6F008C9DEF /* SJWebViewController.m */ = {isa = PBXFileReference; fileEncoding = 4; lastKnownFileType = sourcecode.c.objc; path = SJWebViewController.m; sourceTree = "<group>"; };
		4B454D3821AC2A6F008C9DEF /* SJWebViewController.h */ = {isa = PBXFileReference; fileEncoding = 4; lastKnownFileType = sourcecode.c.h; path = SJWebViewController.h; sourceTree = "<group>"; };
		4B454D3C21AC2B10008C9DEF /* SJShareAlertCell.h */ = {isa = PBXFileReference; fileEncoding = 4; lastKnownFileType = sourcecode.c.h; path = SJShareAlertCell.h; sourceTree = "<group>"; };
		4B454D3D21AC2B10008C9DEF /* SJShareAlertView.m */ = {isa = PBXFileReference; fileEncoding = 4; lastKnownFileType = sourcecode.c.objc; path = SJShareAlertView.m; sourceTree = "<group>"; };
		4B454D3E21AC2B10008C9DEF /* SJShareAlertCell.m */ = {isa = PBXFileReference; fileEncoding = 4; lastKnownFileType = sourcecode.c.objc; path = SJShareAlertCell.m; sourceTree = "<group>"; };
		4B454D3F21AC2B10008C9DEF /* SJShareAlertView.h */ = {isa = PBXFileReference; fileEncoding = 4; lastKnownFileType = sourcecode.c.h; path = SJShareAlertView.h; sourceTree = "<group>"; };
		4B454D4C21AC2B95008C9DEF /* SJCustomAlertController.m */ = {isa = PBXFileReference; fileEncoding = 4; lastKnownFileType = sourcecode.c.objc; path = SJCustomAlertController.m; sourceTree = "<group>"; };
		4B454D4D21AC2B95008C9DEF /* SJPresentationController.h */ = {isa = PBXFileReference; fileEncoding = 4; lastKnownFileType = sourcecode.c.h; path = SJPresentationController.h; sourceTree = "<group>"; };
		4B454D4E21AC2B95008C9DEF /* SJCustomAlertController.h */ = {isa = PBXFileReference; fileEncoding = 4; lastKnownFileType = sourcecode.c.h; path = SJCustomAlertController.h; sourceTree = "<group>"; };
		4B454D4F21AC2B95008C9DEF /* SJPresentationController.m */ = {isa = PBXFileReference; fileEncoding = 4; lastKnownFileType = sourcecode.c.objc; path = SJPresentationController.m; sourceTree = "<group>"; };
		4B454D5C21AC3D51008C9DEF /* SJCoreDataUtil.m */ = {isa = PBXFileReference; fileEncoding = 4; lastKnownFileType = sourcecode.c.objc; path = SJCoreDataUtil.m; sourceTree = "<group>"; };
		4B454D5D21AC3D51008C9DEF /* SJCoreDataUtil.h */ = {isa = PBXFileReference; fileEncoding = 4; lastKnownFileType = sourcecode.c.h; path = SJCoreDataUtil.h; sourceTree = "<group>"; };
		4B518C5621869E590069EE8F /* OCRTool.app */ = {isa = PBXFileReference; explicitFileType = wrapper.application; includeInIndex = 0; path = OCRTool.app; sourceTree = BUILT_PRODUCTS_DIR; };
		4B518C5921869E590069EE8F /* AppDelegate.h */ = {isa = PBXFileReference; lastKnownFileType = sourcecode.c.h; path = AppDelegate.h; sourceTree = "<group>"; };
		4B518C5A21869E590069EE8F /* AppDelegate.m */ = {isa = PBXFileReference; lastKnownFileType = sourcecode.c.objc; path = AppDelegate.m; sourceTree = "<group>"; };
		4B518C6221869E590069EE8F /* Assets.xcassets */ = {isa = PBXFileReference; lastKnownFileType = folder.assetcatalog; path = Assets.xcassets; sourceTree = "<group>"; };
		4B518C6521869E590069EE8F /* Base */ = {isa = PBXFileReference; lastKnownFileType = file.storyboard; name = Base; path = Base.lproj/LaunchScreen.storyboard; sourceTree = "<group>"; };
		4B518C6721869E590069EE8F /* Info.plist */ = {isa = PBXFileReference; lastKnownFileType = text.plist.xml; path = Info.plist; sourceTree = "<group>"; };
		4B518C6821869E590069EE8F /* main.m */ = {isa = PBXFileReference; lastKnownFileType = sourcecode.c.objc; path = main.m; sourceTree = "<group>"; };
		4B518C6E21869E590069EE8F /* OCRToolTests.xctest */ = {isa = PBXFileReference; explicitFileType = wrapper.cfbundle; includeInIndex = 0; path = OCRToolTests.xctest; sourceTree = BUILT_PRODUCTS_DIR; };
		4B518C7221869E590069EE8F /* OCRToolTests.m */ = {isa = PBXFileReference; lastKnownFileType = sourcecode.c.objc; path = OCRToolTests.m; sourceTree = "<group>"; };
		4B518C7421869E590069EE8F /* Info.plist */ = {isa = PBXFileReference; lastKnownFileType = text.plist.xml; path = Info.plist; sourceTree = "<group>"; };
		4B518C7921869E590069EE8F /* OCRToolUITests.xctest */ = {isa = PBXFileReference; explicitFileType = wrapper.cfbundle; includeInIndex = 0; path = OCRToolUITests.xctest; sourceTree = BUILT_PRODUCTS_DIR; };
		4B518C7D21869E590069EE8F /* OCRToolUITests.m */ = {isa = PBXFileReference; lastKnownFileType = sourcecode.c.objc; path = OCRToolUITests.m; sourceTree = "<group>"; };
		4B518C7F21869E590069EE8F /* Info.plist */ = {isa = PBXFileReference; lastKnownFileType = text.plist.xml; path = Info.plist; sourceTree = "<group>"; };
		4B518C8E21869EDA0069EE8F /* OTHomeController.h */ = {isa = PBXFileReference; lastKnownFileType = sourcecode.c.h; path = OTHomeController.h; sourceTree = "<group>"; };
		4B518C8F21869EDA0069EE8F /* OTHomeController.m */ = {isa = PBXFileReference; lastKnownFileType = sourcecode.c.objc; path = OTHomeController.m; sourceTree = "<group>"; };
		4B518C932186BA040069EE8F /* SJViewController.h */ = {isa = PBXFileReference; lastKnownFileType = sourcecode.c.h; path = SJViewController.h; sourceTree = "<group>"; };
		4B518C942186BA040069EE8F /* SJViewController.m */ = {isa = PBXFileReference; lastKnownFileType = sourcecode.c.objc; path = SJViewController.m; sourceTree = "<group>"; };
		4B518C992186BCAF0069EE8F /* SJViewModel.h */ = {isa = PBXFileReference; lastKnownFileType = sourcecode.c.h; path = SJViewModel.h; sourceTree = "<group>"; };
		4B518C9A2186BCAF0069EE8F /* SJViewModel.m */ = {isa = PBXFileReference; lastKnownFileType = sourcecode.c.objc; path = SJViewModel.m; sourceTree = "<group>"; };
		4B518C9C2186BCC40069EE8F /* OTHomeViewModel.h */ = {isa = PBXFileReference; lastKnownFileType = sourcecode.c.h; path = OTHomeViewModel.h; sourceTree = "<group>"; };
		4B518CAA2186C6C10069EE8F /* OCRTool.pch */ = {isa = PBXFileReference; lastKnownFileType = sourcecode.c.h; path = OCRTool.pch; sourceTree = "<group>"; };
		4B518CAD2186C8840069EE8F /* SJCollectionViewCell.h */ = {isa = PBXFileReference; lastKnownFileType = sourcecode.c.h; path = SJCollectionViewCell.h; sourceTree = "<group>"; };
		4B518CAE2186C8840069EE8F /* SJCollectionViewCell.m */ = {isa = PBXFileReference; lastKnownFileType = sourcecode.c.objc; path = SJCollectionViewCell.m; sourceTree = "<group>"; };
		4B518CAF2186C8840069EE8F /* SJCollectionViewCell.xib */ = {isa = PBXFileReference; lastKnownFileType = file.xib; path = SJCollectionViewCell.xib; sourceTree = "<group>"; };
		4B518CB22186C8BD0069EE8F /* OTHomeCollectionCell.h */ = {isa = PBXFileReference; lastKnownFileType = sourcecode.c.h; path = OTHomeCollectionCell.h; sourceTree = "<group>"; };
		4B518CB32186C8BD0069EE8F /* OTHomeCollectionCell.m */ = {isa = PBXFileReference; lastKnownFileType = sourcecode.c.objc; path = OTHomeCollectionCell.m; sourceTree = "<group>"; };
		4B6A539821B8185D00715454 /* SJInputToolBar.h */ = {isa = PBXFileReference; lastKnownFileType = sourcecode.c.h; path = SJInputToolBar.h; sourceTree = "<group>"; };
		4B6A539921B8185D00715454 /* SJInputToolBar.m */ = {isa = PBXFileReference; lastKnownFileType = sourcecode.c.objc; path = SJInputToolBar.m; sourceTree = "<group>"; };
		4B7A5666219138B700035EF2 /* AipBase.framework */ = {isa = PBXFileReference; lastKnownFileType = wrapper.framework; path = AipBase.framework; sourceTree = "<group>"; };
		4B7A5667219138B700035EF2 /* AipOcrSdk.framework */ = {isa = PBXFileReference; lastKnownFileType = wrapper.framework; path = AipOcrSdk.framework; sourceTree = "<group>"; };
		4B7A5668219138B700035EF2 /* IdcardQuality.framework */ = {isa = PBXFileReference; lastKnownFileType = wrapper.framework; path = IdcardQuality.framework; sourceTree = "<group>"; };
		4B7A567521913EA800035EF2 /* SJColorUtil.h */ = {isa = PBXFileReference; lastKnownFileType = sourcecode.c.h; path = SJColorUtil.h; sourceTree = "<group>"; };
		4B7A567621913EA800035EF2 /* SJColorUtil.m */ = {isa = PBXFileReference; lastKnownFileType = sourcecode.c.objc; path = SJColorUtil.m; sourceTree = "<group>"; };
		4B7A567821914D2F00035EF2 /* OTHomeViewModel.m */ = {isa = PBXFileReference; fileEncoding = 4; lastKnownFileType = sourcecode.c.objc; path = OTHomeViewModel.m; sourceTree = "<group>"; };
		4B7A567B2191565200035EF2 /* OTHomeMenuModel.h */ = {isa = PBXFileReference; lastKnownFileType = sourcecode.c.h; path = OTHomeMenuModel.h; sourceTree = "<group>"; };
		4B7A567C2191565200035EF2 /* OTHomeMenuModel.m */ = {isa = PBXFileReference; lastKnownFileType = sourcecode.c.objc; path = OTHomeMenuModel.m; sourceTree = "<group>"; };
		4B7A56802191566C00035EF2 /* SJModel.h */ = {isa = PBXFileReference; lastKnownFileType = sourcecode.c.h; path = SJModel.h; sourceTree = "<group>"; };
		4B7A56812191566C00035EF2 /* SJModel.m */ = {isa = PBXFileReference; lastKnownFileType = sourcecode.c.objc; path = SJModel.m; sourceTree = "<group>"; };
		4B91316F2186FC4200580F95 /* SJCollectionReusableView.h */ = {isa = PBXFileReference; lastKnownFileType = sourcecode.c.h; path = SJCollectionReusableView.h; sourceTree = "<group>"; };
		4B9131702186FC4200580F95 /* SJCollectionReusableView.m */ = {isa = PBXFileReference; lastKnownFileType = sourcecode.c.objc; path = SJCollectionReusableView.m; sourceTree = "<group>"; };
		4B9131712186FC4200580F95 /* SJCollectionReusableView.xib */ = {isa = PBXFileReference; lastKnownFileType = file.xib; path = SJCollectionReusableView.xib; sourceTree = "<group>"; };
		4B91317F2187092600580F95 /* SJTableViewCell.h */ = {isa = PBXFileReference; lastKnownFileType = sourcecode.c.h; path = SJTableViewCell.h; sourceTree = "<group>"; };
		4B9131802187092600580F95 /* SJTableViewCell.m */ = {isa = PBXFileReference; lastKnownFileType = sourcecode.c.objc; path = SJTableViewCell.m; sourceTree = "<group>"; };
		4B9131812187092600580F95 /* SJTableViewCell.xib */ = {isa = PBXFileReference; lastKnownFileType = file.xib; path = SJTableViewCell.xib; sourceTree = "<group>"; };
		4BB782B521AD74A600F918F4 /* ZZJBlockBarButtonItem.m */ = {isa = PBXFileReference; fileEncoding = 4; lastKnownFileType = sourcecode.c.objc; path = ZZJBlockBarButtonItem.m; sourceTree = "<group>"; };
		4BB782B621AD74A600F918F4 /* ZZJBlockBarButtonItem.h */ = {isa = PBXFileReference; fileEncoding = 4; lastKnownFileType = sourcecode.c.h; path = ZZJBlockBarButtonItem.h; sourceTree = "<group>"; };
		4BB782C421AD751D00F918F4 /* AdSupport.framework */ = {isa = PBXFileReference; lastKnownFileType = wrapper.framework; name = AdSupport.framework; path = System/Library/Frameworks/AdSupport.framework; sourceTree = SDKROOT; };
		4BB782C621AD752600F918F4 /* CoreLocation.framework */ = {isa = PBXFileReference; lastKnownFileType = wrapper.framework; name = CoreLocation.framework; path = System/Library/Frameworks/CoreLocation.framework; sourceTree = SDKROOT; };
		4BB782C821AD753100F918F4 /* QuartzCore.framework */ = {isa = PBXFileReference; lastKnownFileType = wrapper.framework; name = QuartzCore.framework; path = System/Library/Frameworks/QuartzCore.framework; sourceTree = SDKROOT; };
		4BB782CA21AD753900F918F4 /* SystemConfiguration.framework */ = {isa = PBXFileReference; lastKnownFileType = wrapper.framework; name = SystemConfiguration.framework; path = System/Library/Frameworks/SystemConfiguration.framework; sourceTree = SDKROOT; };
		4BB782CC21AD754100F918F4 /* CoreTelephony.framework */ = {isa = PBXFileReference; lastKnownFileType = wrapper.framework; name = CoreTelephony.framework; path = System/Library/Frameworks/CoreTelephony.framework; sourceTree = SDKROOT; };
		4BB782CE21AD754800F918F4 /* libz.tbd */ = {isa = PBXFileReference; lastKnownFileType = "sourcecode.text-based-dylib-definition"; name = libz.tbd; path = usr/lib/libz.tbd; sourceTree = SDKROOT; };
		4BB782D021AD755000F918F4 /* Security.framework */ = {isa = PBXFileReference; lastKnownFileType = wrapper.framework; name = Security.framework; path = System/Library/Frameworks/Security.framework; sourceTree = SDKROOT; };
		4BB782D221AD755700F918F4 /* StoreKit.framework */ = {isa = PBXFileReference; lastKnownFileType = wrapper.framework; name = StoreKit.framework; path = System/Library/Frameworks/StoreKit.framework; sourceTree = SDKROOT; };
		4BB782D421AD755E00F918F4 /* libxml2.tbd */ = {isa = PBXFileReference; lastKnownFileType = "sourcecode.text-based-dylib-definition"; name = libxml2.tbd; path = usr/lib/libxml2.tbd; sourceTree = SDKROOT; };
		4BB782D621AD756600F918F4 /* AVFoundation.framework */ = {isa = PBXFileReference; lastKnownFileType = wrapper.framework; name = AVFoundation.framework; path = System/Library/Frameworks/AVFoundation.framework; sourceTree = SDKROOT; };
		4BB782D821AD756D00F918F4 /* WebKit.framework */ = {isa = PBXFileReference; lastKnownFileType = wrapper.framework; name = WebKit.framework; path = System/Library/Frameworks/WebKit.framework; sourceTree = SDKROOT; };
		4BBD016721A2EE2200413B14 /* OTResultController.h */ = {isa = PBXFileReference; lastKnownFileType = sourcecode.c.h; path = OTResultController.h; sourceTree = "<group>"; };
		4BBD016821A2EE2200413B14 /* OTResultController.m */ = {isa = PBXFileReference; lastKnownFileType = sourcecode.c.objc; path = OTResultController.m; sourceTree = "<group>"; };
		58BE2E1321AF301CC364AF4D /* Pods-OCRToolTests.debug.xcconfig */ = {isa = PBXFileReference; includeInIndex = 1; lastKnownFileType = text.xcconfig; name = "Pods-OCRToolTests.debug.xcconfig"; path = "Pods/Target Support Files/Pods-OCRToolTests/Pods-OCRToolTests.debug.xcconfig"; sourceTree = "<group>"; };
		8DFAF1BEF776E4652E370C65 /* Pods_OCRToolUITests.framework */ = {isa = PBXFileReference; explicitFileType = wrapper.framework; includeInIndex = 0; path = Pods_OCRToolUITests.framework; sourceTree = BUILT_PRODUCTS_DIR; };
		96E085137811A967651EBF49 /* Pods_OCRToolTests.framework */ = {isa = PBXFileReference; explicitFileType = wrapper.framework; includeInIndex = 0; path = Pods_OCRToolTests.framework; sourceTree = BUILT_PRODUCTS_DIR; };
		B1AECDD46D8B41958276286E /* Pods-OCRToolUITests.release.xcconfig */ = {isa = PBXFileReference; includeInIndex = 1; lastKnownFileType = text.xcconfig; name = "Pods-OCRToolUITests.release.xcconfig"; path = "Pods/Target Support Files/Pods-OCRToolUITests/Pods-OCRToolUITests.release.xcconfig"; sourceTree = "<group>"; };
		FEEA27254038C8A3B39015D4 /* Pods-OCRTool.release.xcconfig */ = {isa = PBXFileReference; includeInIndex = 1; lastKnownFileType = text.xcconfig; name = "Pods-OCRTool.release.xcconfig"; path = "Pods/Target Support Files/Pods-OCRTool/Pods-OCRTool.release.xcconfig"; sourceTree = "<group>"; };
/* End PBXFileReference section */

/* Begin PBXFrameworksBuildPhase section */
		4B518C5321869E590069EE8F /* Frameworks */ = {
			isa = PBXFrameworksBuildPhase;
			buildActionMask = 2147483647;
			files = (
				4BB782D921AD756D00F918F4 /* WebKit.framework in Frameworks */,
				4BB782D721AD756600F918F4 /* AVFoundation.framework in Frameworks */,
				4BB782D521AD755E00F918F4 /* libxml2.tbd in Frameworks */,
				4BB782D321AD755700F918F4 /* StoreKit.framework in Frameworks */,
				4BB782D121AD755000F918F4 /* Security.framework in Frameworks */,
				4BB782CF21AD754900F918F4 /* libz.tbd in Frameworks */,
				4BB782CD21AD754200F918F4 /* CoreTelephony.framework in Frameworks */,
				4BB782CB21AD753900F918F4 /* SystemConfiguration.framework in Frameworks */,
				4BB782C921AD753100F918F4 /* QuartzCore.framework in Frameworks */,
				4BB782C721AD752600F918F4 /* CoreLocation.framework in Frameworks */,
				4BB782C521AD751D00F918F4 /* AdSupport.framework in Frameworks */,
				4B7A566C21913A3700035EF2 /* AipBase.framework in Frameworks */,
				26575ABA3150EB8EC4AF7915 /* Pods_OCRTool.framework in Frameworks */,
				4B7A567021913A3700035EF2 /* IdcardQuality.framework in Frameworks */,
				4B7A566E21913A3700035EF2 /* AipOcrSdk.framework in Frameworks */,
			);
			runOnlyForDeploymentPostprocessing = 0;
		};
		4B518C6B21869E590069EE8F /* Frameworks */ = {
			isa = PBXFrameworksBuildPhase;
			buildActionMask = 2147483647;
			files = (
				3096CEF75725B81166D13AFE /* Pods_OCRToolTests.framework in Frameworks */,
			);
			runOnlyForDeploymentPostprocessing = 0;
		};
		4B518C7621869E590069EE8F /* Frameworks */ = {
			isa = PBXFrameworksBuildPhase;
			buildActionMask = 2147483647;
			files = (
				738E6B4F30B9C05E1EA366F0 /* Pods_OCRToolUITests.framework in Frameworks */,
			);
			runOnlyForDeploymentPostprocessing = 0;
		};
/* End PBXFrameworksBuildPhase section */

/* Begin PBXGroup section */
		044B667521B61A6500D681BD /* SJAdsUtil */ = {
			isa = PBXGroup;
			children = (
				044B667621B61A6500D681BD /* SJAdsUtil.h */,
				044B667721B61A6500D681BD /* SJAdsUtil.m */,
			);
			path = SJAdsUtil;
			sourceTree = "<group>";
		};
		044B667921B61A8300D681BD /* ADLaunch<启动广告> */ = {
			isa = PBXGroup;
			children = (
				044B667A21B61A8300D681BD /* Controllers */,
				044B667D21B61A8300D681BD /* Views */,
			);
			path = "ADLaunch<启动广告>";
			sourceTree = "<group>";
		};
		044B667A21B61A8300D681BD /* Controllers */ = {
			isa = PBXGroup;
			children = (
				044B667B21B61A8300D681BD /* SJLaunchADController.h */,
				044B667C21B61A8300D681BD /* SJLaunchADController.m */,
			);
			path = Controllers;
			sourceTree = "<group>";
		};
		044B667D21B61A8300D681BD /* Views */ = {
			isa = PBXGroup;
			children = (
				044B667E21B61A8300D681BD /* SJLanuchAdView.h */,
				044B667F21B61A8300D681BD /* SJLanuchAdView.m */,
			);
			path = Views;
			sourceTree = "<group>";
		};
		044B668221B61BBF00D681BD /* Record<识别记录> */ = {
			isa = PBXGroup;
			children = (
				044B668F21B61BDE00D681BD /* Controllers */,
				044B668321B61BDE00D681BD /* Models */,
				044B668621B61BDE00D681BD /* Views */,
			);
			path = "Record<识别记录>";
			sourceTree = "<group>";
		};
		044B668321B61BDE00D681BD /* Models */ = {
			isa = PBXGroup;
			children = (
				04BE51C621BA51510035294C /* OTRecord+CoreDataClass.h */,
				04BE51C721BA51510035294C /* OTRecord+CoreDataClass.m */,
				04BE51C821BA51510035294C /* OTRecord+CoreDataProperties.h */,
				04BE51C921BA51510035294C /* OTRecord+CoreDataProperties.m */,
				04BE51C021BA503B0035294C /* OTRecordCoreDataUtil.h */,
				04BE51C121BA503B0035294C /* OTRecordCoreDataUtil.m */,
				044B668421B61BDE00D681BD /* OTRecordAdModel.h */,
				044B668521B61BDE00D681BD /* OTRecordAdModel.m */,
				04A7EA6921B777A8000A74D0 /* OTRecordModel.h */,
				04A7EA6A21B777A8000A74D0 /* OTRecordModel.m */,
			);
			path = Models;
			sourceTree = "<group>";
		};
		044B668621B61BDE00D681BD /* Views */ = {
			isa = PBXGroup;
			children = (
				044B668721B61BDE00D681BD /* OTRecordAdCell.h */,
				044B668821B61BDE00D681BD /* OTRecordAdCell.m */,
				04BE51CC21BA573A0035294C /* OTRecordCell.h */,
				04BE51CD21BA573A0035294C /* OTRecordCell.m */,
			);
			path = Views;
			sourceTree = "<group>";
		};
		044B668F21B61BDE00D681BD /* Controllers */ = {
			isa = PBXGroup;
			children = (
				044B669021B61BDE00D681BD /* OTRecordController.h */,
				044B669121B61BDE00D681BD /* OTRecordController.m */,
			);
			path = Controllers;
			sourceTree = "<group>";
		};
		044B669B21B6265800D681BD /* Recognition<识别过程> */ = {
			isa = PBXGroup;
			children = (
				044B66A021B629B000D681BD /* Views */,
				044B669F21B629A500D681BD /* Controllers */,
			);
			path = "Recognition<识别过程>";
			sourceTree = "<group>";
		};
		044B669F21B629A500D681BD /* Controllers */ = {
			isa = PBXGroup;
			children = (
				044B669C21B6269E00D681BD /* OTRecognitionController.h */,
				044B669D21B6269E00D681BD /* OTRecognitionController.m */,
			);
			path = Controllers;
			sourceTree = "<group>";
		};
		044B66A021B629B000D681BD /* Views */ = {
			isa = PBXGroup;
			children = (
				044B66A121B629D900D681BD /* OTRecognitionAdLoadView.h */,
				044B66A221B629D900D681BD /* OTRecognitionAdLoadView.m */,
			);
			path = Views;
			sourceTree = "<group>";
		};
		046237BD21D077BE00BEA3AC /* UIColor */ = {
			isa = PBXGroup;
			children = (
				046237BE21D077BE00BEA3AC /* UIColor+Expanded.h */,
				046237BF21D077BE00BEA3AC /* UIColor+Expanded.m */,
				046237C021D077BE00BEA3AC /* UIColor+HSV.h */,
				046237C121D077BE00BEA3AC /* UIColor+HSV.m */,
			);
			path = UIColor;
			sourceTree = "<group>";
		};
		046237C221D077BE00BEA3AC /* NSString+SJCategory */ = {
			isa = PBXGroup;
			children = (
				046237C321D077BE00BEA3AC /* NSString+SJCategory.h */,
				046237C421D077BE00BEA3AC /* NSString+SJCategory.m */,
			);
			path = "NSString+SJCategory";
			sourceTree = "<group>";
		};
		046237C821D077CB00BEA3AC /* UIImage+SJCategory */ = {
			isa = PBXGroup;
			children = (
				046237CA21D077D900BEA3AC /* UIImage+SJCategory.h */,
				046237C921D077D900BEA3AC /* UIImage+SJCategory.m */,
			);
			path = "UIImage+SJCategory";
			sourceTree = "<group>";
		};
		046237CC21D0816300BEA3AC /* HYKeychain */ = {
			isa = PBXGroup;
			children = (
				046237CD21D0816300BEA3AC /* HYKeychain.h */,
				046237CE21D0816300BEA3AC /* HYKeychain.m */,
			);
			path = HYKeychain;
			sourceTree = "<group>";
		};
		04BE51B321BA4A4B0035294C /* SJFileUtil */ = {
			isa = PBXGroup;
			children = (
				04BE51B421BA4A630035294C /* SJFileUtil.h */,
				04BE51B521BA4A630035294C /* SJFileUtil.m */,
			);
			path = SJFileUtil;
			sourceTree = "<group>";
		};
		04BE51BF21BA503B0035294C /* Models */ = {
			isa = PBXGroup;
			children = (
			);
			path = Models;
			sourceTree = "<group>";
		};
		04F1720621ACE215005140C7 /* APP */ = {
			isa = PBXGroup;
			children = (
				0433D1CE21D37C510053A968 /* readme.md */,
				4B518CAA2186C6C10069EE8F /* OCRTool.pch */,
				4B518C5921869E590069EE8F /* AppDelegate.h */,
				4B518C5A21869E590069EE8F /* AppDelegate.m */,
				4B518C6221869E590069EE8F /* Assets.xcassets */,
				4B518C6421869E590069EE8F /* LaunchScreen.storyboard */,
				4B518C6721869E590069EE8F /* Info.plist */,
				4B518C6821869E590069EE8F /* main.m */,
				04BE51C321BA50710035294C /* ocr.xcdatamodeld */,
			);
			path = APP;
			sourceTree = "<group>";
		};
		4B454D4221AC2B1A008C9DEF /* Custom */ = {
			isa = PBXGroup;
			children = (
				4B454D4321AC2B23008C9DEF /* SJCustomAlert */,
			);
			path = Custom;
			sourceTree = "<group>";
		};
		4B454D4321AC2B23008C9DEF /* SJCustomAlert */ = {
			isa = PBXGroup;
			children = (
				4B454D4421AC2B38008C9DEF /* Controllers */,
			);
			path = SJCustomAlert;
			sourceTree = "<group>";
		};
		4B454D4421AC2B38008C9DEF /* Controllers */ = {
			isa = PBXGroup;
			children = (
				4B454D4E21AC2B95008C9DEF /* SJCustomAlertController.h */,
				4B454D4C21AC2B95008C9DEF /* SJCustomAlertController.m */,
				4B454D4D21AC2B95008C9DEF /* SJPresentationController.h */,
				4B454D4F21AC2B95008C9DEF /* SJPresentationController.m */,
			);
			path = Controllers;
			sourceTree = "<group>";
		};
		4B454D5B21AC3D31008C9DEF /* SJCoreDataUtil */ = {
			isa = PBXGroup;
			children = (
				4B454D5D21AC3D51008C9DEF /* SJCoreDataUtil.h */,
				4B454D5C21AC3D51008C9DEF /* SJCoreDataUtil.m */,
			);
			path = SJCoreDataUtil;
			sourceTree = "<group>";
		};
		4B518C4D21869E590069EE8F = {
			isa = PBXGroup;
			children = (
				4B518C5821869E590069EE8F /* OCRTool */,
				4B518C7121869E590069EE8F /* OCRToolTests */,
				4B518C7C21869E590069EE8F /* OCRToolUITests */,
				4B518C5721869E590069EE8F /* Products */,
				98402D447F550961F5EDC70F /* Pods */,
				BF5EB1F3D7D9D539283B1B92 /* Frameworks */,
			);
			sourceTree = "<group>";
		};
		4B518C5721869E590069EE8F /* Products */ = {
			isa = PBXGroup;
			children = (
				4B518C5621869E590069EE8F /* OCRTool.app */,
				4B518C6E21869E590069EE8F /* OCRToolTests.xctest */,
				4B518C7921869E590069EE8F /* OCRToolUITests.xctest */,
			);
			name = Products;
			sourceTree = "<group>";
		};
		4B518C5821869E590069EE8F /* OCRTool */ = {
			isa = PBXGroup;
			children = (
				04F1720621ACE215005140C7 /* APP */,
				4B518C8C21869EB70069EE8F /* Class */,
			);
			path = OCRTool;
			sourceTree = "<group>";
		};
		4B518C7121869E590069EE8F /* OCRToolTests */ = {
			isa = PBXGroup;
			children = (
				4B518C7221869E590069EE8F /* OCRToolTests.m */,
				4B518C7421869E590069EE8F /* Info.plist */,
			);
			path = OCRToolTests;
			sourceTree = "<group>";
		};
		4B518C7C21869E590069EE8F /* OCRToolUITests */ = {
			isa = PBXGroup;
			children = (
				4B518C7D21869E590069EE8F /* OCRToolUITests.m */,
				4B518C7F21869E590069EE8F /* Info.plist */,
			);
			path = OCRToolUITests;
			sourceTree = "<group>";
		};
		4B518C8B21869EAF0069EE8F /* General */ = {
			isa = PBXGroup;
			children = (
				044B669B21B6265800D681BD /* Recognition<识别过程> */,
				044B668221B61BBF00D681BD /* Record<识别记录> */,
				044B667921B61A8300D681BD /* ADLaunch<启动广告> */,
				4BBD016321A2EDC400413B14 /* Result<识别结果> */,
				4B518C912186B9E60069EE8F /* Main<基类> */,
				4B518C8D21869EC30069EE8F /* Home<主页面> */,
			);
			path = General;
			sourceTree = "<group>";
		};
		4B518C8C21869EB70069EE8F /* Class */ = {
			isa = PBXGroup;
			children = (
				4B454D4221AC2B1A008C9DEF /* Custom */,
				4B7A567321913E8C00035EF2 /* Utils */,
				4B518C8B21869EAF0069EE8F /* General */,
				4B518CA92186C6AC0069EE8F /* Resource */,
				4B518CB62186D2F10069EE8F /* Vendors */,
				4B518CBF2186F6050069EE8F /* Category */,
			);
			path = Class;
			sourceTree = "<group>";
		};
		4B518C8D21869EC30069EE8F /* Home<主页面> */ = {
			isa = PBXGroup;
			children = (
				4B7A567A2191563F00035EF2 /* Models */,
				4B518CAB2186C85E0069EE8F /* Views */,
				4B518C972186BC880069EE8F /* ViewModels */,
				4B518C962186BC7C0069EE8F /* Controllers */,
			);
			path = "Home<主页面>";
			sourceTree = "<group>";
		};
		4B518C912186B9E60069EE8F /* Main<基类> */ = {
			isa = PBXGroup;
			children = (
				4B7A567E2191565600035EF2 /* Models */,
				4B518CAC2186C8700069EE8F /* Views */,
				4B518C982186BC9D0069EE8F /* ViewModels */,
				4B518C922186B9F10069EE8F /* Controllers */,
			);
			path = "Main<基类>";
			sourceTree = "<group>";
		};
		4B518C922186B9F10069EE8F /* Controllers */ = {
			isa = PBXGroup;
			children = (
				4B454D3821AC2A6F008C9DEF /* SJWebViewController.h */,
				4B454D3721AC2A6F008C9DEF /* SJWebViewController.m */,
				4B518C932186BA040069EE8F /* SJViewController.h */,
				4B518C942186BA040069EE8F /* SJViewController.m */,
			);
			path = Controllers;
			sourceTree = "<group>";
		};
		4B518C962186BC7C0069EE8F /* Controllers */ = {
			isa = PBXGroup;
			children = (
				4B518C8E21869EDA0069EE8F /* OTHomeController.h */,
				4B518C8F21869EDA0069EE8F /* OTHomeController.m */,
			);
			path = Controllers;
			sourceTree = "<group>";
		};
		4B518C972186BC880069EE8F /* ViewModels */ = {
			isa = PBXGroup;
			children = (
				4B518C9C2186BCC40069EE8F /* OTHomeViewModel.h */,
				4B7A567821914D2F00035EF2 /* OTHomeViewModel.m */,
			);
			path = ViewModels;
			sourceTree = "<group>";
		};
		4B518C982186BC9D0069EE8F /* ViewModels */ = {
			isa = PBXGroup;
			children = (
				4B518C992186BCAF0069EE8F /* SJViewModel.h */,
				4B518C9A2186BCAF0069EE8F /* SJViewModel.m */,
			);
			path = ViewModels;
			sourceTree = "<group>";
		};
		4B518CA92186C6AC0069EE8F /* Resource */ = {
			isa = PBXGroup;
			children = (
				4B1BFF0A21C422A70054EFBA /* 识别失败.png */,
				044B66A421B64A0600D681BD /* 识别中.gif */,
				044B667321B61A3D00D681BD /* bannerAdIds.plist */,
			);
			path = Resource;
			sourceTree = "<group>";
		};
		4B518CAB2186C85E0069EE8F /* Views */ = {
			isa = PBXGroup;
			children = (
				4B1BCE1C219DB18100FC0DA8 /* OTHomeView.h */,
				4B1BCE1D219DB18100FC0DA8 /* OTHomeView.m */,
				4B518CB22186C8BD0069EE8F /* OTHomeCollectionCell.h */,
				4B518CB32186C8BD0069EE8F /* OTHomeCollectionCell.m */,
			);
			path = Views;
			sourceTree = "<group>";
		};
		4B518CAC2186C8700069EE8F /* Views */ = {
			isa = PBXGroup;
			children = (
				4B518CAD2186C8840069EE8F /* SJCollectionViewCell.h */,
				4B518CAE2186C8840069EE8F /* SJCollectionViewCell.m */,
				4B518CAF2186C8840069EE8F /* SJCollectionViewCell.xib */,
				4B91316F2186FC4200580F95 /* SJCollectionReusableView.h */,
				4B9131702186FC4200580F95 /* SJCollectionReusableView.m */,
				4B9131712186FC4200580F95 /* SJCollectionReusableView.xib */,
				4B91317F2187092600580F95 /* SJTableViewCell.h */,
				4B9131802187092600580F95 /* SJTableViewCell.m */,
				4B9131812187092600580F95 /* SJTableViewCell.xib */,
				4B1BCE1F219DB19400FC0DA8 /* SJView.h */,
				4B1BCE20219DB19400FC0DA8 /* SJView.m */,
				043576D721D0879600B0BA7C /* SJADView.h */,
				043576D821D0879600B0BA7C /* SJADView.m */,
			);
			path = Views;
			sourceTree = "<group>";
		};
		4B518CB62186D2F10069EE8F /* Vendors */ = {
			isa = PBXGroup;
			children = (
				4BB782B421AD749A00F918F4 /* ZZJBlockBarButtonItem */,
				4B7A56652191389600035EF2 /* BDAipOCR */,
			);
			path = Vendors;
			sourceTree = "<group>";
		};
		4B518CBF2186F6050069EE8F /* Category */ = {
			isa = PBXGroup;
			children = (
				046237C821D077CB00BEA3AC /* UIImage+SJCategory */,
				046237C221D077BE00BEA3AC /* NSString+SJCategory */,
				046237BD21D077BE00BEA3AC /* UIColor */,
			);
			path = Category;
			sourceTree = "<group>";
		};
		4B7A56652191389600035EF2 /* BDAipOCR */ = {
			isa = PBXGroup;
			children = (
				4B7A5666219138B700035EF2 /* AipBase.framework */,
				4B7A5667219138B700035EF2 /* AipOcrSdk.framework */,
				4B7A5668219138B700035EF2 /* IdcardQuality.framework */,
			);
			path = BDAipOCR;
			sourceTree = "<group>";
		};
		4B7A567321913E8C00035EF2 /* Utils */ = {
			isa = PBXGroup;
			children = (
				046237CC21D0816300BEA3AC /* HYKeychain */,
				04BE51B321BA4A4B0035294C /* SJFileUtil */,
				044B667521B61A6500D681BD /* SJAdsUtil */,
				4B454D5B21AC3D31008C9DEF /* SJCoreDataUtil */,
				4B7A567421913E9600035EF2 /* SJColorUtil */,
			);
			path = Utils;
			sourceTree = "<group>";
		};
		4B7A567421913E9600035EF2 /* SJColorUtil */ = {
			isa = PBXGroup;
			children = (
				4B7A567521913EA800035EF2 /* SJColorUtil.h */,
				4B7A567621913EA800035EF2 /* SJColorUtil.m */,
			);
			path = SJColorUtil;
			sourceTree = "<group>";
		};
		4B7A567A2191563F00035EF2 /* Models */ = {
			isa = PBXGroup;
			children = (
				4B7A567B2191565200035EF2 /* OTHomeMenuModel.h */,
				4B7A567C2191565200035EF2 /* OTHomeMenuModel.m */,
			);
			path = Models;
			sourceTree = "<group>";
		};
		4B7A567E2191565600035EF2 /* Models */ = {
			isa = PBXGroup;
			children = (
				4B7A56802191566C00035EF2 /* SJModel.h */,
				4B7A56812191566C00035EF2 /* SJModel.m */,
			);
			path = Models;
			sourceTree = "<group>";
		};
		4BB782B421AD749A00F918F4 /* ZZJBlockBarButtonItem */ = {
			isa = PBXGroup;
			children = (
				4BB782B621AD74A600F918F4 /* ZZJBlockBarButtonItem.h */,
				4BB782B521AD74A600F918F4 /* ZZJBlockBarButtonItem.m */,
			);
			path = ZZJBlockBarButtonItem;
			sourceTree = "<group>";
		};
		4BBD016321A2EDC400413B14 /* Result<识别结果> */ = {
			isa = PBXGroup;
			children = (
				04BE51BF21BA503B0035294C /* Models */,
				4BBD016621A2EE0E00413B14 /* Views */,
				4BBD016421A2EDFF00413B14 /* Controllers */,
			);
			path = "Result<识别结果>";
			sourceTree = "<group>";
		};
		4BBD016421A2EDFF00413B14 /* Controllers */ = {
			isa = PBXGroup;
			children = (
				4BBD016721A2EE2200413B14 /* OTResultController.h */,
				4BBD016821A2EE2200413B14 /* OTResultController.m */,
			);
			path = Controllers;
			sourceTree = "<group>";
		};
		4BBD016621A2EE0E00413B14 /* Views */ = {
			isa = PBXGroup;
			children = (
				4B454D3C21AC2B10008C9DEF /* SJShareAlertCell.h */,
				4B454D3E21AC2B10008C9DEF /* SJShareAlertCell.m */,
				4B454D3F21AC2B10008C9DEF /* SJShareAlertView.h */,
				4B454D3D21AC2B10008C9DEF /* SJShareAlertView.m */,
				4B6A539821B8185D00715454 /* SJInputToolBar.h */,
				4B6A539921B8185D00715454 /* SJInputToolBar.m */,
			);
			path = Views;
			sourceTree = "<group>";
		};
		98402D447F550961F5EDC70F /* Pods */ = {
			isa = PBXGroup;
			children = (
				2F1916D109A9DA897935B1DB /* Pods-OCRTool.debug.xcconfig */,
				FEEA27254038C8A3B39015D4 /* Pods-OCRTool.release.xcconfig */,
				58BE2E1321AF301CC364AF4D /* Pods-OCRToolTests.debug.xcconfig */,
				2DAB863507A6E71DB28BDAF6 /* Pods-OCRToolTests.release.xcconfig */,
				434E01C82F94EDE9F2921B3F /* Pods-OCRToolUITests.debug.xcconfig */,
				B1AECDD46D8B41958276286E /* Pods-OCRToolUITests.release.xcconfig */,
			);
			name = Pods;
			sourceTree = "<group>";
		};
		BF5EB1F3D7D9D539283B1B92 /* Frameworks */ = {
			isa = PBXGroup;
			children = (
				4BB782D821AD756D00F918F4 /* WebKit.framework */,
				4BB782D621AD756600F918F4 /* AVFoundation.framework */,
				4BB782D421AD755E00F918F4 /* libxml2.tbd */,
				4BB782D221AD755700F918F4 /* StoreKit.framework */,
				4BB782D021AD755000F918F4 /* Security.framework */,
				4BB782CE21AD754800F918F4 /* libz.tbd */,
				4BB782CC21AD754100F918F4 /* CoreTelephony.framework */,
				4BB782CA21AD753900F918F4 /* SystemConfiguration.framework */,
				4BB782C821AD753100F918F4 /* QuartzCore.framework */,
				4BB782C621AD752600F918F4 /* CoreLocation.framework */,
				4BB782C421AD751D00F918F4 /* AdSupport.framework */,
				46CA864CC860A7DF987DCA5A /* Pods_OCRTool.framework */,
				96E085137811A967651EBF49 /* Pods_OCRToolTests.framework */,
				8DFAF1BEF776E4652E370C65 /* Pods_OCRToolUITests.framework */,
			);
			name = Frameworks;
			sourceTree = "<group>";
		};
/* End PBXGroup section */

/* Begin PBXNativeTarget section */
		4B518C5521869E590069EE8F /* OCRTool */ = {
			isa = PBXNativeTarget;
			buildConfigurationList = 4B518C8221869E590069EE8F /* Build configuration list for PBXNativeTarget "OCRTool" */;
			buildPhases = (
				28BB56CA68C115B9E48C04EC /* [CP] Check Pods Manifest.lock */,
				4B518C5221869E590069EE8F /* Sources */,
				4B518C5321869E590069EE8F /* Frameworks */,
				4B518C5421869E590069EE8F /* Resources */,
				406692B5586215A1325C9086 /* [CP] Embed Pods Frameworks */,
				4B7A567221913A3700035EF2 /* Embed Frameworks */,
			);
			buildRules = (
			);
			dependencies = (
			);
			name = OCRTool;
			productName = OCRTool;
			productReference = 4B518C5621869E590069EE8F /* OCRTool.app */;
			productType = "com.apple.product-type.application";
		};
		4B518C6D21869E590069EE8F /* OCRToolTests */ = {
			isa = PBXNativeTarget;
			buildConfigurationList = 4B518C8521869E590069EE8F /* Build configuration list for PBXNativeTarget "OCRToolTests" */;
			buildPhases = (
				9BE885ED91323D436AF302D3 /* [CP] Check Pods Manifest.lock */,
				4B518C6A21869E590069EE8F /* Sources */,
				4B518C6B21869E590069EE8F /* Frameworks */,
				4B518C6C21869E590069EE8F /* Resources */,
			);
			buildRules = (
			);
			dependencies = (
				4B518C7021869E590069EE8F /* PBXTargetDependency */,
			);
			name = OCRToolTests;
			productName = OCRToolTests;
			productReference = 4B518C6E21869E590069EE8F /* OCRToolTests.xctest */;
			productType = "com.apple.product-type.bundle.unit-test";
		};
		4B518C7821869E590069EE8F /* OCRToolUITests */ = {
			isa = PBXNativeTarget;
			buildConfigurationList = 4B518C8821869E590069EE8F /* Build configuration list for PBXNativeTarget "OCRToolUITests" */;
			buildPhases = (
				DDCECA29BB229B02FAD53FE4 /* [CP] Check Pods Manifest.lock */,
				4B518C7521869E590069EE8F /* Sources */,
				4B518C7621869E590069EE8F /* Frameworks */,
				4B518C7721869E590069EE8F /* Resources */,
			);
			buildRules = (
			);
			dependencies = (
				4B518C7B21869E590069EE8F /* PBXTargetDependency */,
			);
			name = OCRToolUITests;
			productName = OCRToolUITests;
			productReference = 4B518C7921869E590069EE8F /* OCRToolUITests.xctest */;
			productType = "com.apple.product-type.bundle.ui-testing";
		};
/* End PBXNativeTarget section */

/* Begin PBXProject section */
		4B518C4E21869E590069EE8F /* Project object */ = {
			isa = PBXProject;
			attributes = {
				CLASSPREFIX = OT;
				LastUpgradeCheck = 0920;
				ORGANIZATIONNAME = Jaesun;
				TargetAttributes = {
					4B518C5521869E590069EE8F = {
						CreatedOnToolsVersion = 9.2;
						ProvisioningStyle = Automatic;
					};
					4B518C6D21869E590069EE8F = {
						CreatedOnToolsVersion = 9.2;
						ProvisioningStyle = Automatic;
						TestTargetID = 4B518C5521869E590069EE8F;
					};
					4B518C7821869E590069EE8F = {
						CreatedOnToolsVersion = 9.2;
						ProvisioningStyle = Automatic;
						TestTargetID = 4B518C5521869E590069EE8F;
					};
				};
			};
			buildConfigurationList = 4B518C5121869E590069EE8F /* Build configuration list for PBXProject "OCRTool" */;
			compatibilityVersion = "Xcode 8.0";
			developmentRegion = en;
			hasScannedForEncodings = 0;
			knownRegions = (
				en,
				Base,
			);
			mainGroup = 4B518C4D21869E590069EE8F;
			productRefGroup = 4B518C5721869E590069EE8F /* Products */;
			projectDirPath = "";
			projectRoot = "";
			targets = (
				4B518C5521869E590069EE8F /* OCRTool */,
				4B518C6D21869E590069EE8F /* OCRToolTests */,
				4B518C7821869E590069EE8F /* OCRToolUITests */,
			);
		};
/* End PBXProject section */

/* Begin PBXResourcesBuildPhase section */
		4B518C5421869E590069EE8F /* Resources */ = {
			isa = PBXResourcesBuildPhase;
			buildActionMask = 2147483647;
			files = (
				044B667421B61A3E00D681BD /* bannerAdIds.plist in Resources */,
				0433D1CF21D37C510053A968 /* readme.md in Resources */,
				4B518C6621869E590069EE8F /* LaunchScreen.storyboard in Resources */,
				4B518CB12186C8840069EE8F /* SJCollectionViewCell.xib in Resources */,
				044B66A521B64A0700D681BD /* 识别中.gif in Resources */,
				4B1BFF0B21C422A70054EFBA /* 识别失败.png in Resources */,
				4B9131832187092600580F95 /* SJTableViewCell.xib in Resources */,
				4B518C6321869E590069EE8F /* Assets.xcassets in Resources */,
				4B9131732186FC4200580F95 /* SJCollectionReusableView.xib in Resources */,
			);
			runOnlyForDeploymentPostprocessing = 0;
		};
		4B518C6C21869E590069EE8F /* Resources */ = {
			isa = PBXResourcesBuildPhase;
			buildActionMask = 2147483647;
			files = (
			);
			runOnlyForDeploymentPostprocessing = 0;
		};
		4B518C7721869E590069EE8F /* Resources */ = {
			isa = PBXResourcesBuildPhase;
			buildActionMask = 2147483647;
			files = (
			);
			runOnlyForDeploymentPostprocessing = 0;
		};
/* End PBXResourcesBuildPhase section */

/* Begin PBXShellScriptBuildPhase section */
		28BB56CA68C115B9E48C04EC /* [CP] Check Pods Manifest.lock */ = {
			isa = PBXShellScriptBuildPhase;
			buildActionMask = 2147483647;
			files = (
			);
			inputPaths = (
				"${PODS_PODFILE_DIR_PATH}/Podfile.lock",
				"${PODS_ROOT}/Manifest.lock",
			);
			name = "[CP] Check Pods Manifest.lock";
			outputPaths = (
				"$(DERIVED_FILE_DIR)/Pods-OCRTool-checkManifestLockResult.txt",
			);
			runOnlyForDeploymentPostprocessing = 0;
			shellPath = /bin/sh;
			shellScript = "diff \"${PODS_PODFILE_DIR_PATH}/Podfile.lock\" \"${PODS_ROOT}/Manifest.lock\" > /dev/null\nif [ $? != 0 ] ; then\n    # print error to STDERR\n    echo \"error: The sandbox is not in sync with the Podfile.lock. Run 'pod install' or update your CocoaPods installation.\" >&2\n    exit 1\nfi\n# This output is used by Xcode 'outputs' to avoid re-running this script phase.\necho \"SUCCESS\" > \"${SCRIPT_OUTPUT_FILE_0}\"\n";
			showEnvVarsInLog = 0;
		};
		406692B5586215A1325C9086 /* [CP] Embed Pods Frameworks */ = {
			isa = PBXShellScriptBuildPhase;
			buildActionMask = 2147483647;
			files = (
			);
			inputPaths = (
				"${SRCROOT}/Pods/Target Support Files/Pods-OCRTool/Pods-OCRTool-frameworks.sh",
				"${BUILT_PRODUCTS_DIR}/IQKeyboardManager/IQKeyboardManager.framework",
				"${BUILT_PRODUCTS_DIR}/MBProgressHUD/MBProgressHUD.framework",
				"${BUILT_PRODUCTS_DIR}/Masonry/Masonry.framework",
				"${BUILT_PRODUCTS_DIR}/YYKit/YYKit.framework",
			);
			name = "[CP] Embed Pods Frameworks";
			outputPaths = (
				"${TARGET_BUILD_DIR}/${FRAMEWORKS_FOLDER_PATH}/IQKeyboardManager.framework",
				"${TARGET_BUILD_DIR}/${FRAMEWORKS_FOLDER_PATH}/MBProgressHUD.framework",
				"${TARGET_BUILD_DIR}/${FRAMEWORKS_FOLDER_PATH}/Masonry.framework",
				"${TARGET_BUILD_DIR}/${FRAMEWORKS_FOLDER_PATH}/YYKit.framework",
			);
			runOnlyForDeploymentPostprocessing = 0;
			shellPath = /bin/sh;
			shellScript = "\"${SRCROOT}/Pods/Target Support Files/Pods-OCRTool/Pods-OCRTool-frameworks.sh\"\n";
			showEnvVarsInLog = 0;
		};
		9BE885ED91323D436AF302D3 /* [CP] Check Pods Manifest.lock */ = {
			isa = PBXShellScriptBuildPhase;
			buildActionMask = 2147483647;
			files = (
			);
			inputPaths = (
				"${PODS_PODFILE_DIR_PATH}/Podfile.lock",
				"${PODS_ROOT}/Manifest.lock",
			);
			name = "[CP] Check Pods Manifest.lock";
			outputPaths = (
				"$(DERIVED_FILE_DIR)/Pods-OCRToolTests-checkManifestLockResult.txt",
			);
			runOnlyForDeploymentPostprocessing = 0;
			shellPath = /bin/sh;
			shellScript = "diff \"${PODS_PODFILE_DIR_PATH}/Podfile.lock\" \"${PODS_ROOT}/Manifest.lock\" > /dev/null\nif [ $? != 0 ] ; then\n    # print error to STDERR\n    echo \"error: The sandbox is not in sync with the Podfile.lock. Run 'pod install' or update your CocoaPods installation.\" >&2\n    exit 1\nfi\n# This output is used by Xcode 'outputs' to avoid re-running this script phase.\necho \"SUCCESS\" > \"${SCRIPT_OUTPUT_FILE_0}\"\n";
			showEnvVarsInLog = 0;
		};
		DDCECA29BB229B02FAD53FE4 /* [CP] Check Pods Manifest.lock */ = {
			isa = PBXShellScriptBuildPhase;
			buildActionMask = 2147483647;
			files = (
			);
			inputPaths = (
				"${PODS_PODFILE_DIR_PATH}/Podfile.lock",
				"${PODS_ROOT}/Manifest.lock",
			);
			name = "[CP] Check Pods Manifest.lock";
			outputPaths = (
				"$(DERIVED_FILE_DIR)/Pods-OCRToolUITests-checkManifestLockResult.txt",
			);
			runOnlyForDeploymentPostprocessing = 0;
			shellPath = /bin/sh;
			shellScript = "diff \"${PODS_PODFILE_DIR_PATH}/Podfile.lock\" \"${PODS_ROOT}/Manifest.lock\" > /dev/null\nif [ $? != 0 ] ; then\n    # print error to STDERR\n    echo \"error: The sandbox is not in sync with the Podfile.lock. Run 'pod install' or update your CocoaPods installation.\" >&2\n    exit 1\nfi\n# This output is used by Xcode 'outputs' to avoid re-running this script phase.\necho \"SUCCESS\" > \"${SCRIPT_OUTPUT_FILE_0}\"\n";
			showEnvVarsInLog = 0;
		};
/* End PBXShellScriptBuildPhase section */

/* Begin PBXSourcesBuildPhase section */
		4B518C5221869E590069EE8F /* Sources */ = {
			isa = PBXSourcesBuildPhase;
			buildActionMask = 2147483647;
			files = (
				4B9131822187092600580F95 /* SJTableViewCell.m in Sources */,
				4BBD016921A2EE2200413B14 /* OTResultController.m in Sources */,
				04BE51C221BA503B0035294C /* OTRecordCoreDataUtil.m in Sources */,
				046237CB21D077D900BEA3AC /* UIImage+SJCategory.m in Sources */,
				04BE51C521BA50710035294C /* ocr.xcdatamodeld in Sources */,
				4B454D3921AC2A6F008C9DEF /* SJWebViewController.m in Sources */,
				044B66A321B629D900D681BD /* OTRecognitionAdLoadView.m in Sources */,
				4B518CB02186C8840069EE8F /* SJCollectionViewCell.m in Sources */,
				046237CF21D0816300BEA3AC /* HYKeychain.m in Sources */,
				4B7A567721913EA800035EF2 /* SJColorUtil.m in Sources */,
				044B669221B61BDE00D681BD /* OTRecordAdModel.m in Sources */,
				4B7A567921914D2F00035EF2 /* OTHomeViewModel.m in Sources */,
				4B1BCE1E219DB18100FC0DA8 /* OTHomeView.m in Sources */,
				4B7A56822191566C00035EF2 /* SJModel.m in Sources */,
				044B668021B61A8300D681BD /* SJLaunchADController.m in Sources */,
				04BE51CB21BA51510035294C /* OTRecord+CoreDataProperties.m in Sources */,
				046237C521D077BF00BEA3AC /* UIColor+Expanded.m in Sources */,
				4B454D5121AC2B96008C9DEF /* SJPresentationController.m in Sources */,
				4B454D4021AC2B10008C9DEF /* SJShareAlertView.m in Sources */,
				4B454D4121AC2B10008C9DEF /* SJShareAlertCell.m in Sources */,
				044B668121B61A8300D681BD /* SJLanuchAdView.m in Sources */,
				04A7EA6B21B777A8000A74D0 /* OTRecordModel.m in Sources */,
				043576D921D0879600B0BA7C /* SJADView.m in Sources */,
				4B518CB42186C8BD0069EE8F /* OTHomeCollectionCell.m in Sources */,
				04BE51CA21BA51510035294C /* OTRecord+CoreDataClass.m in Sources */,
				046237C721D077BF00BEA3AC /* NSString+SJCategory.m in Sources */,
				044B669321B61BDE00D681BD /* OTRecordAdCell.m in Sources */,
				4B9131722186FC4200580F95 /* SJCollectionReusableView.m in Sources */,
				04BE51CE21BA573A0035294C /* OTRecordCell.m in Sources */,
				044B669E21B6269E00D681BD /* OTRecognitionController.m in Sources */,
				044B667821B61A6600D681BD /* SJAdsUtil.m in Sources */,
				4B518C9021869EDA0069EE8F /* OTHomeController.m in Sources */,
				04BE51B621BA4A630035294C /* SJFileUtil.m in Sources */,
				4BB782B721AD74A600F918F4 /* ZZJBlockBarButtonItem.m in Sources */,
				4B518C952186BA040069EE8F /* SJViewController.m in Sources */,
				4B518C6921869E590069EE8F /* main.m in Sources */,
				4B518C9B2186BCAF0069EE8F /* SJViewModel.m in Sources */,
				046237C621D077BF00BEA3AC /* UIColor+HSV.m in Sources */,
				4B454D5021AC2B96008C9DEF /* SJCustomAlertController.m in Sources */,
				4B518C5B21869E590069EE8F /* AppDelegate.m in Sources */,
				4B6A539A21B8185D00715454 /* SJInputToolBar.m in Sources */,
				4B454D5E21AC3D51008C9DEF /* SJCoreDataUtil.m in Sources */,
				4B7A567D2191565200035EF2 /* OTHomeMenuModel.m in Sources */,
				044B669721B61BDE00D681BD /* OTRecordController.m in Sources */,
				4B1BCE21219DB19400FC0DA8 /* SJView.m in Sources */,
			);
			runOnlyForDeploymentPostprocessing = 0;
		};
		4B518C6A21869E590069EE8F /* Sources */ = {
			isa = PBXSourcesBuildPhase;
			buildActionMask = 2147483647;
			files = (
				4B518C7321869E590069EE8F /* OCRToolTests.m in Sources */,
			);
			runOnlyForDeploymentPostprocessing = 0;
		};
		4B518C7521869E590069EE8F /* Sources */ = {
			isa = PBXSourcesBuildPhase;
			buildActionMask = 2147483647;
			files = (
				4B518C7E21869E590069EE8F /* OCRToolUITests.m in Sources */,
			);
			runOnlyForDeploymentPostprocessing = 0;
		};
/* End PBXSourcesBuildPhase section */

/* Begin PBXTargetDependency section */
		4B518C7021869E590069EE8F /* PBXTargetDependency */ = {
			isa = PBXTargetDependency;
			target = 4B518C5521869E590069EE8F /* OCRTool */;
			targetProxy = 4B518C6F21869E590069EE8F /* PBXContainerItemProxy */;
		};
		4B518C7B21869E590069EE8F /* PBXTargetDependency */ = {
			isa = PBXTargetDependency;
			target = 4B518C5521869E590069EE8F /* OCRTool */;
			targetProxy = 4B518C7A21869E590069EE8F /* PBXContainerItemProxy */;
		};
/* End PBXTargetDependency section */

/* Begin PBXVariantGroup section */
		4B518C6421869E590069EE8F /* LaunchScreen.storyboard */ = {
			isa = PBXVariantGroup;
			children = (
				4B518C6521869E590069EE8F /* Base */,
				4B1BFF0C21C4252F0054EFBA /* zh-Hans */,
			);
			name = LaunchScreen.storyboard;
			sourceTree = "<group>";
		};
/* End PBXVariantGroup section */

/* Begin XCBuildConfiguration section */
		4B518C8021869E590069EE8F /* Debug */ = {
			isa = XCBuildConfiguration;
			buildSettings = {
				ALWAYS_SEARCH_USER_PATHS = NO;
				CLANG_ANALYZER_LOCALIZABILITY_NONLOCALIZED = YES;
				CLANG_ANALYZER_NONNULL = YES;
				CLANG_ANALYZER_NUMBER_OBJECT_CONVERSION = YES_AGGRESSIVE;
				CLANG_CXX_LANGUAGE_STANDARD = "gnu++14";
				CLANG_CXX_LIBRARY = "libc++";
				CLANG_ENABLE_MODULES = YES;
				CLANG_ENABLE_OBJC_ARC = YES;
				CLANG_WARN_BLOCK_CAPTURE_AUTORELEASING = YES;
				CLANG_WARN_BOOL_CONVERSION = YES;
				CLANG_WARN_COMMA = YES;
				CLANG_WARN_CONSTANT_CONVERSION = YES;
				CLANG_WARN_DIRECT_OBJC_ISA_USAGE = YES_ERROR;
				CLANG_WARN_DOCUMENTATION_COMMENTS = YES;
				CLANG_WARN_EMPTY_BODY = YES;
				CLANG_WARN_ENUM_CONVERSION = YES;
				CLANG_WARN_INFINITE_RECURSION = YES;
				CLANG_WARN_INT_CONVERSION = YES;
				CLANG_WARN_NON_LITERAL_NULL_CONVERSION = YES;
				CLANG_WARN_OBJC_LITERAL_CONVERSION = YES;
				CLANG_WARN_OBJC_ROOT_CLASS = YES_ERROR;
				CLANG_WARN_RANGE_LOOP_ANALYSIS = YES;
				CLANG_WARN_STRICT_PROTOTYPES = YES;
				CLANG_WARN_SUSPICIOUS_MOVE = YES;
				CLANG_WARN_UNGUARDED_AVAILABILITY = YES_AGGRESSIVE;
				CLANG_WARN_UNREACHABLE_CODE = YES;
				CLANG_WARN__DUPLICATE_METHOD_MATCH = YES;
				CODE_SIGN_IDENTITY = "iPhone Developer";
				COPY_PHASE_STRIP = NO;
				DEBUG_INFORMATION_FORMAT = dwarf;
				ENABLE_STRICT_OBJC_MSGSEND = YES;
				ENABLE_TESTABILITY = YES;
				GCC_C_LANGUAGE_STANDARD = gnu11;
				GCC_DYNAMIC_NO_PIC = NO;
				GCC_NO_COMMON_BLOCKS = YES;
				GCC_OPTIMIZATION_LEVEL = 0;
				GCC_PREPROCESSOR_DEFINITIONS = (
					"DEBUG=1",
					"$(inherited)",
				);
				GCC_WARN_64_TO_32_BIT_CONVERSION = YES;
				GCC_WARN_ABOUT_RETURN_TYPE = YES_ERROR;
				GCC_WARN_UNDECLARED_SELECTOR = YES;
				GCC_WARN_UNINITIALIZED_AUTOS = YES_AGGRESSIVE;
				GCC_WARN_UNUSED_FUNCTION = YES;
				GCC_WARN_UNUSED_VARIABLE = YES;
				IPHONEOS_DEPLOYMENT_TARGET = 9.0;
				MTL_ENABLE_DEBUG_INFO = YES;
				ONLY_ACTIVE_ARCH = YES;
				SDKROOT = iphoneos;
			};
			name = Debug;
		};
		4B518C8121869E590069EE8F /* Release */ = {
			isa = XCBuildConfiguration;
			buildSettings = {
				ALWAYS_SEARCH_USER_PATHS = NO;
				CLANG_ANALYZER_LOCALIZABILITY_NONLOCALIZED = YES;
				CLANG_ANALYZER_NONNULL = YES;
				CLANG_ANALYZER_NUMBER_OBJECT_CONVERSION = YES_AGGRESSIVE;
				CLANG_CXX_LANGUAGE_STANDARD = "gnu++14";
				CLANG_CXX_LIBRARY = "libc++";
				CLANG_ENABLE_MODULES = YES;
				CLANG_ENABLE_OBJC_ARC = YES;
				CLANG_WARN_BLOCK_CAPTURE_AUTORELEASING = YES;
				CLANG_WARN_BOOL_CONVERSION = YES;
				CLANG_WARN_COMMA = YES;
				CLANG_WARN_CONSTANT_CONVERSION = YES;
				CLANG_WARN_DIRECT_OBJC_ISA_USAGE = YES_ERROR;
				CLANG_WARN_DOCUMENTATION_COMMENTS = YES;
				CLANG_WARN_EMPTY_BODY = YES;
				CLANG_WARN_ENUM_CONVERSION = YES;
				CLANG_WARN_INFINITE_RECURSION = YES;
				CLANG_WARN_INT_CONVERSION = YES;
				CLANG_WARN_NON_LITERAL_NULL_CONVERSION = YES;
				CLANG_WARN_OBJC_LITERAL_CONVERSION = YES;
				CLANG_WARN_OBJC_ROOT_CLASS = YES_ERROR;
				CLANG_WARN_RANGE_LOOP_ANALYSIS = YES;
				CLANG_WARN_STRICT_PROTOTYPES = YES;
				CLANG_WARN_SUSPICIOUS_MOVE = YES;
				CLANG_WARN_UNGUARDED_AVAILABILITY = YES_AGGRESSIVE;
				CLANG_WARN_UNREACHABLE_CODE = YES;
				CLANG_WARN__DUPLICATE_METHOD_MATCH = YES;
				CODE_SIGN_IDENTITY = "iPhone Developer";
				COPY_PHASE_STRIP = NO;
				DEBUG_INFORMATION_FORMAT = "dwarf-with-dsym";
				ENABLE_NS_ASSERTIONS = NO;
				ENABLE_STRICT_OBJC_MSGSEND = YES;
				GCC_C_LANGUAGE_STANDARD = gnu11;
				GCC_NO_COMMON_BLOCKS = YES;
				GCC_WARN_64_TO_32_BIT_CONVERSION = YES;
				GCC_WARN_ABOUT_RETURN_TYPE = YES_ERROR;
				GCC_WARN_UNDECLARED_SELECTOR = YES;
				GCC_WARN_UNINITIALIZED_AUTOS = YES_AGGRESSIVE;
				GCC_WARN_UNUSED_FUNCTION = YES;
				GCC_WARN_UNUSED_VARIABLE = YES;
				IPHONEOS_DEPLOYMENT_TARGET = 9.0;
				MTL_ENABLE_DEBUG_INFO = NO;
				SDKROOT = iphoneos;
				VALIDATE_PRODUCT = YES;
			};
			name = Release;
		};
		4B518C8321869E590069EE8F /* Debug */ = {
			isa = XCBuildConfiguration;
			baseConfigurationReference = 2F1916D109A9DA897935B1DB /* Pods-OCRTool.debug.xcconfig */;
			buildSettings = {
				ASSETCATALOG_COMPILER_APPICON_NAME = AppIcon;
				CODE_SIGN_IDENTITY = "iPhone Developer";
				CODE_SIGN_STYLE = Automatic;
				DEVELOPMENT_TEAM = A3528Q8DDD;
				FRAMEWORK_SEARCH_PATHS = (
					"$(inherited)",
					"$(PROJECT_DIR)/OCRTool/Class/Vendors/BDAipOCR",
				);
				GCC_PRECOMPILE_PREFIX_HEADER = YES;
				GCC_PREFIX_HEADER = "$(SRCROOT)/OCRTool/APP/OCRTool.pch";
				INFOPLIST_FILE = "$(SRCROOT)/OCRTool/APP/Info.plist";
				IPHONEOS_DEPLOYMENT_TARGET = 9.0;
				LD_RUNPATH_SEARCH_PATHS = "$(inherited) @executable_path/Frameworks";
				LIBRARY_SEARCH_PATHS = (
					"$(inherited)",
					"$(PROJECT_DIR)/OCRTool/Class/Vendors/GDT_SDK",
				);
				PRODUCT_BUNDLE_IDENTIFIER = com.jaesun.OCRTool;
				PRODUCT_NAME = "$(TARGET_NAME)";
				PROVISIONING_PROFILE_SPECIFIER = "";
				TARGETED_DEVICE_FAMILY = "1,2";
			};
			name = Debug;
		};
		4B518C8421869E590069EE8F /* Release */ = {
			isa = XCBuildConfiguration;
			baseConfigurationReference = FEEA27254038C8A3B39015D4 /* Pods-OCRTool.release.xcconfig */;
			buildSettings = {
				ASSETCATALOG_COMPILER_APPICON_NAME = AppIcon;
				CODE_SIGN_IDENTITY = "iPhone Developer";
				CODE_SIGN_STYLE = Automatic;
				DEVELOPMENT_TEAM = A3528Q8DDD;
				FRAMEWORK_SEARCH_PATHS = (
					"$(inherited)",
					"$(PROJECT_DIR)/OCRTool/Class/Vendors/BDAipOCR",
				);
				GCC_PRECOMPILE_PREFIX_HEADER = YES;
				GCC_PREFIX_HEADER = "$(SRCROOT)/OCRTool/APP/OCRTool.pch";
				INFOPLIST_FILE = "$(SRCROOT)/OCRTool/APP/Info.plist";
				IPHONEOS_DEPLOYMENT_TARGET = 9.0;
				LD_RUNPATH_SEARCH_PATHS = "$(inherited) @executable_path/Frameworks";
				LIBRARY_SEARCH_PATHS = (
					"$(inherited)",
					"$(PROJECT_DIR)/OCRTool/Class/Vendors/GDT_SDK",
				);
				PRODUCT_BUNDLE_IDENTIFIER = com.jaesun.OCRTool;
				PRODUCT_NAME = "$(TARGET_NAME)";
				PROVISIONING_PROFILE_SPECIFIER = "";
				TARGETED_DEVICE_FAMILY = "1,2";
			};
			name = Release;
		};
		4B518C8621869E590069EE8F /* Debug */ = {
			isa = XCBuildConfiguration;
			baseConfigurationReference = 58BE2E1321AF301CC364AF4D /* Pods-OCRToolTests.debug.xcconfig */;
			buildSettings = {
				BUNDLE_LOADER = "$(TEST_HOST)";
				CODE_SIGN_STYLE = Automatic;
				INFOPLIST_FILE = OCRToolTests/Info.plist;
				LD_RUNPATH_SEARCH_PATHS = "$(inherited) @executable_path/Frameworks @loader_path/Frameworks";
				PRODUCT_BUNDLE_IDENTIFIER = S.J.OCRToolTests;
				PRODUCT_NAME = "$(TARGET_NAME)";
				TARGETED_DEVICE_FAMILY = "1,2";
				TEST_HOST = "$(BUILT_PRODUCTS_DIR)/OCRTool.app/OCRTool";
			};
			name = Debug;
		};
		4B518C8721869E590069EE8F /* Release */ = {
			isa = XCBuildConfiguration;
			baseConfigurationReference = 2DAB863507A6E71DB28BDAF6 /* Pods-OCRToolTests.release.xcconfig */;
			buildSettings = {
				BUNDLE_LOADER = "$(TEST_HOST)";
				CODE_SIGN_STYLE = Automatic;
				INFOPLIST_FILE = OCRToolTests/Info.plist;
				LD_RUNPATH_SEARCH_PATHS = "$(inherited) @executable_path/Frameworks @loader_path/Frameworks";
				PRODUCT_BUNDLE_IDENTIFIER = S.J.OCRToolTests;
				PRODUCT_NAME = "$(TARGET_NAME)";
				TARGETED_DEVICE_FAMILY = "1,2";
				TEST_HOST = "$(BUILT_PRODUCTS_DIR)/OCRTool.app/OCRTool";
			};
			name = Release;
		};
		4B518C8921869E590069EE8F /* Debug */ = {
			isa = XCBuildConfiguration;
			baseConfigurationReference = 434E01C82F94EDE9F2921B3F /* Pods-OCRToolUITests.debug.xcconfig */;
			buildSettings = {
				CODE_SIGN_STYLE = Automatic;
				INFOPLIST_FILE = OCRToolUITests/Info.plist;
				LD_RUNPATH_SEARCH_PATHS = "$(inherited) @executable_path/Frameworks @loader_path/Frameworks";
				PRODUCT_BUNDLE_IDENTIFIER = S.J.OCRToolUITests;
				PRODUCT_NAME = "$(TARGET_NAME)";
				TARGETED_DEVICE_FAMILY = "1,2";
				TEST_TARGET_NAME = OCRTool;
			};
			name = Debug;
		};
		4B518C8A21869E590069EE8F /* Release */ = {
			isa = XCBuildConfiguration;
			baseConfigurationReference = B1AECDD46D8B41958276286E /* Pods-OCRToolUITests.release.xcconfig */;
			buildSettings = {
				CODE_SIGN_STYLE = Automatic;
				INFOPLIST_FILE = OCRToolUITests/Info.plist;
				LD_RUNPATH_SEARCH_PATHS = "$(inherited) @executable_path/Frameworks @loader_path/Frameworks";
				PRODUCT_BUNDLE_IDENTIFIER = S.J.OCRToolUITests;
				PRODUCT_NAME = "$(TARGET_NAME)";
				TARGETED_DEVICE_FAMILY = "1,2";
				TEST_TARGET_NAME = OCRTool;
			};
			name = Release;
		};
/* End XCBuildConfiguration section */

/* Begin XCConfigurationList section */
		4B518C5121869E590069EE8F /* Build configuration list for PBXProject "OCRTool" */ = {
			isa = XCConfigurationList;
			buildConfigurations = (
				4B518C8021869E590069EE8F /* Debug */,
				4B518C8121869E590069EE8F /* Release */,
			);
			defaultConfigurationIsVisible = 0;
			defaultConfigurationName = Release;
		};
		4B518C8221869E590069EE8F /* Build configuration list for PBXNativeTarget "OCRTool" */ = {
			isa = XCConfigurationList;
			buildConfigurations = (
				4B518C8321869E590069EE8F /* Debug */,
				4B518C8421869E590069EE8F /* Release */,
			);
			defaultConfigurationIsVisible = 0;
			defaultConfigurationName = Release;
		};
		4B518C8521869E590069EE8F /* Build configuration list for PBXNativeTarget "OCRToolTests" */ = {
			isa = XCConfigurationList;
			buildConfigurations = (
				4B518C8621869E590069EE8F /* Debug */,
				4B518C8721869E590069EE8F /* Release */,
			);
			defaultConfigurationIsVisible = 0;
			defaultConfigurationName = Release;
		};
		4B518C8821869E590069EE8F /* Build configuration list for PBXNativeTarget "OCRToolUITests" */ = {
			isa = XCConfigurationList;
			buildConfigurations = (
				4B518C8921869E590069EE8F /* Debug */,
				4B518C8A21869E590069EE8F /* Release */,
			);
			defaultConfigurationIsVisible = 0;
			defaultConfigurationName = Release;
		};
/* End XCConfigurationList section */

/* Begin XCVersionGroup section */
		04BE51C321BA50710035294C /* ocr.xcdatamodeld */ = {
			isa = XCVersionGroup;
			children = (
				04BE51C421BA50710035294C /* ocr.xcdatamodel */,
			);
			currentVersion = 04BE51C421BA50710035294C /* ocr.xcdatamodel */;
			path = ocr.xcdatamodeld;
			sourceTree = "<group>";
			versionGroupType = wrapper.xcdatamodel;
		};
/* End XCVersionGroup section */
	};
	rootObject = 4B518C4E21869E590069EE8F /* Project object */;
}
