PODS:
  - Masonry (1.1.0)
  - UMCCommon (1.4.2)
  - UMCSecurityPlugins (1.0.6)
  - UMCShare/Core (6.8.2):
    - UMCCommon
  - UMCShare/Social/DingDing (6.8.2):
    - UMCCommon
    - UMCShare/Core
  - UMCShare/Social/ReducedQQ (6.8.2):
    - UMCCommon
    - UMCShare/Core
  - UMCShare/Social/ReducedWeChat (6.8.2):
    - UMCCommon
    - UMCShare/Core
  - UMCShare/Social/SMS (6.8.2):
    - UMCCommon
    - UMCShare/Core

DEPENDENCIES:
  - Masonry
  - UMCCommon
  - UMCSecurityPlugins
  - UMCShare/Social/DingDing
  - UMCShare/Social/ReducedQQ
  - UMCShare/Social/ReducedWeChat
  - UMCShare/Social/SMS

SPEC REPOS:
  https://github.com/cocoapods/specs.git:
    - Masonry
    - UMCCommon
    - UMCSecurityPlugins
    - UMCShare

SPEC CHECKSUMS:
  Masonry: 678fab65091a9290e40e2832a55e7ab731aad201
  UMCCommon: 19f09b4c67b6007837f70f321fe091e5814d49b1
  UMCSecurityPlugins: 0831a08f3988f3cea9f1d3a7626cd9bee4fef150
  UMCShare: ab74e3c818cd305846609b15b0daf36872213c28

PODFILE CHECKSUM: d2bec597313f77cb21bda9749f61c7cdc843245d

COCOAPODS: 1.5.3
