PODS:
  - FFDropDownMenu (1.4.5)
  - Masonry (1.1.0)
  - ReactiveCocoa (7.1.0):
    - ReactiveSwift (~> 3.1)
  - ReactiveSwift (3.1.0):
    - Result (~> 3.2)
  - Result (3.2.4)
  - UMCCommon (1.4.2)
  - UMCSecurityPlugins (1.0.6)
  - UMCShare/Core (6.8.2):
    - UMCCommon
  - UMCShare/Social/DingDing (6.8.2):
    - UMCCommon
    - UMCShare/Core
  - UMCShare/Social/ReducedQQ (6.8.2):
    - UMCCommon
    - UMCShare/Core
  - UMCShare/Social/ReducedWeChat (6.8.2):
    - UMCCommon
    - UMCShare/Core
  - UMCShare/Social/SMS (6.8.2):
    - UMCCommon
    - UMCShare/Core

DEPENDENCIES:
  - FFDropDownMenu
  - Masonry
  - ReactiveCocoa (~> 7.0)
  - UMCCommon
  - UMCSecurityPlugins
  - UMCShare/Social/DingDing
  - UMCShare/Social/ReducedQQ
  - UMCShare/Social/ReducedWeChat
  - UMCShare/Social/SMS

SPEC REPOS:
  https://github.com/cocoapods/specs.git:
    - FFDropDownMenu
    - Masonry
    - ReactiveCocoa
    - ReactiveSwift
    - Result
    - UMCCommon
    - UMCSecurityPlugins
    - UMCShare

SPEC CHECKSUMS:
  FFDropDownMenu: 3dc2b1e47d349687b9d451282a3b6bae3e0e8c7a
  Masonry: 678fab65091a9290e40e2832a55e7ab731aad201
  ReactiveCocoa: 105ad96f6b8711f1ee7d165fc96587479298053b
  ReactiveSwift: 5b26d2e988fe0eed2daf48c4054d1de74db50184
  Result: d2d07204ce72856f1fd9130bbe42c35a7b0fea10
  UMCCommon: 19f09b4c67b6007837f70f321fe091e5814d49b1
  UMCSecurityPlugins: 0831a08f3988f3cea9f1d3a7626cd9bee4fef150
  UMCShare: ab74e3c818cd305846609b15b0daf36872213c28

PODFILE CHECKSUM: f8f20cbe5917497858786d208e57c90fb59fe985

COCOAPODS: 1.5.3
